
Microsoft Visual Studio Solution File, Format Version 12.00
# Visual Studio Version 17
VisualStudioVersion = 17.3.32922.545
MinimumVisualStudioVersion = 10.0.40219.1
Project("{8BC9CEB8-8B4A-11D0-8D11-00A0C91BC942}") = "221007_C자료형1", "C_Project1\C_Project1.vcxproj", "{2957D865-3002-4090-9FB7-064F8290F1CA}"
EndProject
Project("{8BC9CEB8-8B4A-11D0-8D11-00A0C91BC942}") = "221007_C자료형2", "221007\221007.vcxproj", "{D76DDB77-C3D8-4763-B853-39D55186EC18}"
EndProject
Project("{8BC9CEB8-8B4A-11D0-8D11-00A0C91BC942}") = "221011_C_Operator1", "221011_C_Operator1\221011_C_Operator1.vcxproj", "{655AF921-056F-4502-946C-920B8F150F09}"
EndProject
Project("{8BC9CEB8-8B4A-11D0-8D11-00A0C91BC942}") = "221011_C_Operator2", "221011_C_Operator2\221011_C_Operator2.vcxproj", "{2316BAD2-F69F-4D6B-98E1-F5708380D27A}"
EndProject
Project("{8BC9CEB8-8B4A-11D0-8D11-00A0C91BC942}") = "221011_C_Operator3", "221011_C_Operator3\221011_C_Operator3.vcxproj", "{019EB9B5-5DBC-4A15-A6FC-6CABF973BC3E}"
EndProject
Project("{8BC9CEB8-8B4A-11D0-8D11-00A0C91BC942}") = "221011_C_Operator4", "221011_C_Operator4\221011_C_Operator4.vcxproj", "{FF81FF9B-667A-40E7-AB32-B90CA7FFA9CC}"
EndProject
Project("{8BC9CEB8-8B4A-11D0-8D11-00A0C91BC942}") = "221011_C_Operator5", "221011_C_Operator5\221011_C_Operator5.vcxproj", "{F068F642-255D-4B1E-962F-E554B9BFA2A5}"
EndProject
Project("{8BC9CEB8-8B4A-11D0-8D11-00A0C91BC942}") = "221011_C_OperatorHomeWork", "221011_C_OperatorHomeWork\221011_C_OperatorHomeWork.vcxproj", "{F32B2C9A-A656-4573-8F3C-61ADB4329EFF}"
EndProject
Project("{8BC9CEB8-8B4A-11D0-8D11-00A0C91BC942}") = "221012_C_OperatorHomeworkAnswer", "221012_C_OperatorHomeworkAnswer\221012_C_OperatorHomeworkAnswer.vcxproj", "{E7B506DF-F03F-4E5A-AFEC-4E210152F5CD}"
EndProject
Project("{8BC9CEB8-8B4A-11D0-8D11-00A0C91BC942}") = "221012_C_Operator6", "221012_C_Operator6\221012_C_Operator6.vcxproj", "{C2BF655F-C5A1-437B-88E0-FE0BEAAB7815}"
EndProject
Project("{8BC9CEB8-8B4A-11D0-8D11-00A0C91BC942}") = "221012_C_Operator7", "221012_C_Operator7\221012_C_Operator7.vcxproj", "{B4E54ACD-47FA-47BD-815B-076E46B61854}"
EndProject
Project("{8BC9CEB8-8B4A-11D0-8D11-00A0C91BC942}") = "221012_C_Operator8", "221012_C_Operator8\221012_C_Operator8.vcxproj", "{B1A1CBF0-CF3A-462A-8993-8A3DF50836DB}"
EndProject
Project("{8BC9CEB8-8B4A-11D0-8D11-00A0C91BC942}") = "221012_C_Operator9", "221012_C_Operator9\221012_C_Operator9.vcxproj", "{F8613149-CDB4-4EEE-A194-1B7AA5C46BC4}"
EndProject
Project("{8BC9CEB8-8B4A-11D0-8D11-00A0C91BC942}") = "221012_C_OperatorMask", "221012_C_Operator10\221012_C_Operator10.vcxproj", "{8F52169F-F720-425C-AAA9-75BF24DA89E8}"
EndProject
Project("{8BC9CEB8-8B4A-11D0-8D11-00A0C91BC942}") = "221012_C_Operator10", "221012_C_Operator11\221012_C_Operator11.vcxproj", "{9732D217-35BD-46C8-9170-CD0DDF50E9F5}"
EndProject
Project("{8BC9CEB8-8B4A-11D0-8D11-00A0C91BC942}") = "221012_OperatorBoxHomework", "221012_OperatorBoxHomework\221012_OperatorBoxHomework.vcxproj", "{6DE6CFB9-9301-44E7-93AE-ECB3FDAB1E85}"
EndProject
Project("{8BC9CEB8-8B4A-11D0-8D11-00A0C91BC942}") = "221013_ConditionalStatement_If", "221013_ConditionalStatement_If\221013_ConditionalStatement_If.vcxproj", "{6B53A2FA-277C-41EC-A619-465FE871C814}"
EndProject
Project("{8BC9CEB8-8B4A-11D0-8D11-00A0C91BC942}") = "221013_ConditionalStatement_IfElse", "221013_ConditionalStatement_IfElse\221013_ConditionalStatement_IfElse.vcxproj", "{90E02D97-122C-411E-B5B9-23DA9AB9725F}"
EndProject
Project("{8BC9CEB8-8B4A-11D0-8D11-00A0C91BC942}") = "221013_ConditionalStatement_IfElseIf", "221013_ConditionalStatement_IfElseIf\221013_ConditionalStatement_IfElseIf.vcxproj", "{713D5544-9B82-4938-8FDF-A7F24F026F2D}"
EndProject
Project("{8BC9CEB8-8B4A-11D0-8D11-00A0C91BC942}") = "221013_ConditionalStatement_SwitchCase1", "221013_ConditionalStatement_SwitchCase1\221013_ConditionalStatement_SwitchCase1.vcxproj", "{2B2C93FA-33FF-4523-8932-FEA9BC420104}"
EndProject
Project("{8BC9CEB8-8B4A-11D0-8D11-00A0C91BC942}") = "221013_ConditionalStatement_SwitchCase2", "221013_ConditionalStatement_SwitchCase2\221013_ConditionalStatement_SwitchCase2.vcxproj", "{0B34C902-D663-4E3D-A8AC-728B886A0F09}"
EndProject
Project("{8BC9CEB8-8B4A-11D0-8D11-00A0C91BC942}") = "221013_ConditionalStatement_SwitchCase3", "221013_ConditionalStatement_SwitchCase3\221013_ConditionalStatement_SwitchCase3.vcxproj", "{03844543-EFE1-414F-A83B-4306A3AD65CA}"
EndProject
Project("{8BC9CEB8-8B4A-11D0-8D11-00A0C91BC942}") = "221013_ConditionalStatement_SwitchCase4", "221013_ConditionalStatement_SwitchCase4\221013_ConditionalStatement_SwitchCase4.vcxproj", "{2A293859-7085-4CD4-8933-DBDC77D3D249}"
EndProject
Project("{8BC9CEB8-8B4A-11D0-8D11-00A0C91BC942}") = "221014_iterative_Statement_For", "221014_iterative_Statement_For\221014_iterative_Statement_For.vcxproj", "{F4CCBDEA-1D86-41D5-9812-3DCD4A059E46}"
EndProject
Project("{8BC9CEB8-8B4A-11D0-8D11-00A0C91BC942}") = "221014_iterative_Statement_GoTo", "221014_iterative_Statement_GoTo\221014_iterative_Statement_GoTo.vcxproj", "{07E34100-1C82-43D0-99BC-224D97946CDD}"
EndProject
Project("{8BC9CEB8-8B4A-11D0-8D11-00A0C91BC942}") = "221014_iterative_Statement_While", "221014_iterative_Statement_While\221014_iterative_Statement_While.vcxproj", "{33433EB5-AD97-4E5A-ABFD-D4487A0AD22B}"
EndProject
Project("{8BC9CEB8-8B4A-11D0-8D11-00A0C91BC942}") = "221014_iterative_Statement_Continue", "221014_iterative_Statement_Continue\221014_iterative_Statement_Continue.vcxproj", "{CB73CCAC-D864-484B-A72B-66A6AD2504A1}"
EndProject
Project("{8BC9CEB8-8B4A-11D0-8D11-00A0C91BC942}") = "221014_iterative_Statement_Homework", "221014_iterative_Statement_Homework\221014_iterative_Statement_Homework.vcxproj", "{99543B6A-C6D1-47D0-8B7D-7C3FD9B2B037}"
EndProject
Project("{8BC9CEB8-8B4A-11D0-8D11-00A0C91BC942}") = "221017_Array", "221017_Array\221017_Array.vcxproj", "{4584ED1C-A878-4BAE-B264-4433205341DD}"
EndProject
Project("{8BC9CEB8-8B4A-11D0-8D11-00A0C91BC942}") = "221017_PointerHomeWork", "221017_PointerHomeWork\221017_PointerHomeWork.vcxproj", "{8CC4371B-4F4F-47D6-955B-AE6030DD02CB}"
EndProject
Project("{8BC9CEB8-8B4A-11D0-8D11-00A0C91BC942}") = "221017_ArrayPointer", "2210107_ArrayPointer\2210107_ArrayPointer.vcxproj", "{2BAABBE6-EA37-445A-846A-FD31A7AE1613}"
EndProject
Project("{8BC9CEB8-8B4A-11D0-8D11-00A0C91BC942}") = "221018_Array_Double", "221018_Array_Double\221018_Array_Double.vcxproj", "{705406EB-FC4B-4352-BBCB-EA9BA23C88D5}"
EndProject
Project("{8BC9CEB8-8B4A-11D0-8D11-00A0C91BC942}") = "221018_Array2", "221018_Array2\221018_Array2.vcxproj", "{F6BE4C37-398A-4554-AFB5-24728B767EDB}"
EndProject
Project("{8BC9CEB8-8B4A-11D0-8D11-00A0C91BC942}") = "221018_Array3", "221018_Array3\221018_Array3.vcxproj", "{D295FC7A-BF90-46D5-955D-DDE72B014886}"
EndProject
Project("{8BC9CEB8-8B4A-11D0-8D11-00A0C91BC942}") = "221018_Struct", "221018_Array4\221018_Array4.vcxproj", "{BBE04CB3-E6D3-4BDD-BF18-1EF3F0A6CB3D}"
EndProject
Project("{8BC9CEB8-8B4A-11D0-8D11-00A0C91BC942}") = "221019_Struct2", "221019_Struct2\221019_Struct2.vcxproj", "{E7CA1078-19FC-4372-A0C7-82543152C3A7}"
EndProject
Project("{8BC9CEB8-8B4A-11D0-8D11-00A0C91BC942}") = "221019_Struct3", "221019_Struct3\221019_Struct3.vcxproj", "{E1E70BD0-1A92-4E01-A1CB-0F7AEB1B6053}"
EndProject
Project("{8BC9CEB8-8B4A-11D0-8D11-00A0C91BC942}") = "221019_Struct4_Array", "221019_Struct4\221019_Struct4.vcxproj", "{259CEB71-539E-4EAA-B8AD-602BA80F5A10}"
EndProject
Project("{8BC9CEB8-8B4A-11D0-8D11-00A0C91BC942}") = "221019_Function", "221019_Function\221019_Function.vcxproj", "{0864AE8C-79AC-40FF-9B97-3BA7C7839C2E}"
EndProject
Project("{8BC9CEB8-8B4A-11D0-8D11-00A0C91BC942}") = "221020_Function2", "221020_Function2\221020_Function2.vcxproj", "{F284427F-E6FB-4305-8B81-BE46D39CC9BC}"
EndProject
Project("{8BC9CEB8-8B4A-11D0-8D11-00A0C91BC942}") = "221020_Function3", "221020_Function3\221020_Function3.vcxproj", "{580C06D5-CAF4-47F8-AC30-1F84787D6EA9}"
EndProject
Project("{8BC9CEB8-8B4A-11D0-8D11-00A0C91BC942}") = "221020_Function4", "221020_Function4\221020_Function4.vcxproj", "{318EAB2F-BA23-47EE-8565-F9572C1F9E97}"
EndProject
Project("{8BC9CEB8-8B4A-11D0-8D11-00A0C91BC942}") = "221020_Function5", "221020_Function5\221020_Function5.vcxproj", "{DEE893AC-C140-4660-8363-2214E6637047}"
EndProject
Project("{8BC9CEB8-8B4A-11D0-8D11-00A0C91BC942}") = "221024_MainFunction", "221024_MainFunction\221024_MainFunction.vcxproj", "{98B772B0-77D4-4321-9300-89FE2D5B89F7}"
EndProject
Project("{8BC9CEB8-8B4A-11D0-8D11-00A0C91BC942}") = "221024_MainFunction2", "221024_MainFunction2\221024_MainFunction2.vcxproj", "{E99409C6-EABB-4EE3-969A-13E89576870F}"
EndProject
Project("{8BC9CEB8-8B4A-11D0-8D11-00A0C91BC942}") = "221024_MainFunction3", "221024_MainFunction3\221024_MainFunction3.vcxproj", "{59D39CC8-1529-4BAE-B276-47B004D17E00}"
EndProject
Project("{8BC9CEB8-8B4A-11D0-8D11-00A0C91BC942}") = "221024_2DimenstionArray", "221024_2DimenstionArray\221024_2DimenstionArray.vcxproj", "{CFD178F5-3765-4AE4-AE4A-F85EC7097E1C}"
EndProject
Project("{8BC9CEB8-8B4A-11D0-8D11-00A0C91BC942}") = "221024_2DimenstionArray2", "221024_2DimenstionArray2\221024_2DimenstionArray2.vcxproj", "{6BEBCC09-29E7-4657-B47F-A42E9601B169}"
EndProject
Project("{8BC9CEB8-8B4A-11D0-8D11-00A0C91BC942}") = "221024_2DimenstionArray3", "221024_2DimenstionArray3\221024_2DimenstionArray3.vcxproj", "{6B527180-61C0-4819-A7CB-B5450C74E03D}"
EndProject
Project("{8BC9CEB8-8B4A-11D0-8D11-00A0C91BC942}") = "221025_2DimenstionArray4", "221025_2DimenstionArray4\221025_2DimenstionArray4.vcxproj", "{82472F7D-F7DC-47CF-8699-76ECC3D3A9A2}"
EndProject
Project("{8BC9CEB8-8B4A-11D0-8D11-00A0C91BC942}") = "221025_String", "221025_String\221025_String.vcxproj", "{B4469113-79A2-4FAD-832C-CAE411F2A0CF}"
EndProject
Project("{8BC9CEB8-8B4A-11D0-8D11-00A0C91BC942}") = "221025_String2", "221025_String2\221025_String2.vcxproj", "{B2B52788-C08C-4DFF-B89A-27AB8862106E}"
EndProject
Project("{8BC9CEB8-8B4A-11D0-8D11-00A0C91BC942}") = "221026_StringHomeWork", "221025_StringHomeWork\221025_StringHomeWork.vcxproj", "{CA9CA82C-79DF-4DC9-A479-4C8EEB3A397E}"
EndProject
Project("{8BC9CEB8-8B4A-11D0-8D11-00A0C91BC942}") = "221027_PartialFile", "221027_PartialFile\221027_PartialFile.vcxproj", "{1585CB7A-0521-45B2-A20A-52125D9D5224}"
EndProject
Project("{8BC9CEB8-8B4A-11D0-8D11-00A0C91BC942}") = "221028_DynamicVariable", "221028_DynamicVariable\221028_DynamicVariable.vcxproj", "{C9DCFC7D-4FC6-4F68-A29A-E1DB6BDB6A57}"
EndProject
Project("{8BC9CEB8-8B4A-11D0-8D11-00A0C91BC942}") = "221028_DynamicVariable2", "221028_DynamicVariable2\221028_DynamicVariable2.vcxproj", "{88828354-5228-42BA-8BB3-4D7F3FE043CB}"
EndProject
Project("{8BC9CEB8-8B4A-11D0-8D11-00A0C91BC942}") = "221028_DynamicVariable3", "221028_DynamicVariable3\221028_DynamicVariable3.vcxproj", "{3D8B43F5-C87E-4632-8968-5730BA9737B4}"
EndProject
Project("{8BC9CEB8-8B4A-11D0-8D11-00A0C91BC942}") = "221028_DynamicVariable4", "221028_DynamicVariable4\221028_DynamicVariable4.vcxproj", "{7BF87801-73F1-4E2B-A06D-7B47E1D4F117}"
EndProject
Project("{8BC9CEB8-8B4A-11D0-8D11-00A0C91BC942}") = "221031_DynamicVariable5", "221031_DynamicVariable5\221031_DynamicVariable5.vcxproj", "{847C2DF0-11BE-4D1C-94F3-67253CD30400}"
EndProject
Project("{8BC9CEB8-8B4A-11D0-8D11-00A0C91BC942}") = "221031_DynamicVariable6", "221031_DynamicVariable6\221031_DynamicVariable6.vcxproj", "{5854C4A0-250D-43AC-B715-BF19FAFDA954}"
EndProject
Project("{8BC9CEB8-8B4A-11D0-8D11-00A0C91BC942}") = "221031_DynamicVariable7", "221031_DynamicVariable7\221031_DynamicVariable7.vcxproj", "{2D38E9CA-9E60-4DF7-BD06-33F66318C73D}"
EndProject
Project("{8BC9CEB8-8B4A-11D0-8D11-00A0C91BC942}") = "221031_DynamicVariable8", "221031_DynamicVariable8\221031_DynamicVariable8.vcxproj", "{0C04C2DD-69E4-4662-B50E-E57E97619B8A}"
EndProject
Project("{8BC9CEB8-8B4A-11D0-8D11-00A0C91BC942}") = "221101_PointerArray", "221101_PointerArray\221101_PointerArray.vcxproj", "{5D2496E8-FA17-435F-A1F0-AC74AF11A99B}"
EndProject
Project("{8BC9CEB8-8B4A-11D0-8D11-00A0C91BC942}") = "221101_List", "221101_List\221101_List.vcxproj", "{58C4278E-3945-47DC-972D-746CC8C52668}"
EndProject
Project("{8BC9CEB8-8B4A-11D0-8D11-00A0C91BC942}") = "221101_Dynamic2DimensionArray", "221101_Dynamic2DimensionArray\221101_Dynamic2DimensionArray.vcxproj", "{1CC6FB56-2BA7-44D9-9D35-3E4D076A6E5C}"
EndProject
Project("{8BC9CEB8-8B4A-11D0-8D11-00A0C91BC942}") = "221102_FunctionPointer", "221102_FunctionPointer\221102_FunctionPointer.vcxproj", "{B30857E5-873B-41AB-A756-032ED3D2F011}"
EndProject
Project("{8BC9CEB8-8B4A-11D0-8D11-00A0C91BC942}") = "221102_FunctionPointer2", "221102_FunctionPointer2\221102_FunctionPointer2.vcxproj", "{BE03A59C-D1FA-4483-89DE-B1A7F55EBDAD}"
EndProject
Project("{8BC9CEB8-8B4A-11D0-8D11-00A0C91BC942}") = "221102_FunctionPointer3", "221102_FunctionPointer3\221102_FunctionPointer3.vcxproj", "{2E9A3F49-0368-4EFB-BFB5-0F28CFBCA75A}"
EndProject
Project("{8BC9CEB8-8B4A-11D0-8D11-00A0C91BC942}") = "221103_MemoryFunction4", "221103_MemoryFunction\221103_MemoryFunction.vcxproj", "{312E6BFF-776A-44D9-93C2-B4EEE8623A19}"
EndProject
Project("{8BC9CEB8-8B4A-11D0-8D11-00A0C91BC942}") = "221103_MemoryFunction5", "221103_MemoryFunction5\221103_MemoryFunction5.vcxproj", "{5116B00E-EDC5-4C0C-82A2-2A77E4D08762}"
EndProject
Project("{8BC9CEB8-8B4A-11D0-8D11-00A0C91BC942}") = "221103_MemoryFunction6", "221103_MemoryFunction6\221103_MemoryFunction6.vcxproj", "{AE399146-D279-4F4F-BDBA-D50722A68DAB}"
EndProject
Project("{8BC9CEB8-8B4A-11D0-8D11-00A0C91BC942}") = "221103_FileinOutput", "221103_FileinOutput\221103_FileinOutput.vcxproj", "{90804FB1-6B08-495D-90B8-C2DD5BBA7F05}"
EndProject
Project("{8BC9CEB8-8B4A-11D0-8D11-00A0C91BC942}") = "221103_FileinOutput2", "221103_FileOutPut\221103_FileOutPut.vcxproj", "{8130B2CA-E155-4A61-9F1A-4021B87860B2}"
EndProject
Project("{8BC9CEB8-8B4A-11D0-8D11-00A0C91BC942}") = "221103_FileinOutput3", "221103_FileinOutput3\221103_FileinOutput3.vcxproj", "{46364004-7832-4544-8E69-EA03D0C92B64}"
EndProject
Project("{8BC9CEB8-8B4A-11D0-8D11-00A0C91BC942}") = "221104_FileinOutput4", "221104_FileinOutput4\221104_FileinOutput4.vcxproj", "{8AC2CA92-FD5A-45F1-A03E-1250D47B88FA}"
EndProject
Project("{8BC9CEB8-8B4A-11D0-8D11-00A0C91BC942}") = "221104_FileinOutput5", "221104_FileinOutput5\221104_FileinOutput5.vcxproj", "{3238BB7E-F056-4D36-88BA-93D8F8B0C3D1}"
EndProject
Project("{8BC9CEB8-8B4A-11D0-8D11-00A0C91BC942}") = "221104_FileinOutput6", "221104_FileinOutput6\221104_FileinOutput6.vcxproj", "{A08B7193-FDF2-4976-B128-F12E6968BA44}"
EndProject
Project("{8BC9CEB8-8B4A-11D0-8D11-00A0C91BC942}") = "221104_Etc", "221104_Etc\221104_Etc.vcxproj", "{3DDC9A9E-B231-4483-8334-429B58C2D5A8}"
EndProject
Project("{8BC9CEB8-8B4A-11D0-8D11-00A0C91BC942}") = "221104_Etc2", "221104_Etc2\221104_Etc2.vcxproj", "{62407D0F-6D2E-46A3-BF36-052327F51F0B}"
EndProject
Project("{8BC9CEB8-8B4A-11D0-8D11-00A0C91BC942}") = "221104_Etc3", "221104_Etc3\221104_Etc3.vcxproj", "{B82EFCEB-94F6-4E01-9BA9-7C20D129289F}"
EndProject
Global
	GlobalSection(SolutionConfigurationPlatforms) = preSolution
		Debug|x64 = Debug|x64
		Debug|x86 = Debug|x86
		Release|x64 = Release|x64
		Release|x86 = Release|x86
	EndGlobalSection
	GlobalSection(ProjectConfigurationPlatforms) = postSolution
		{2957D865-3002-4090-9FB7-064F8290F1CA}.Debug|x64.ActiveCfg = Debug|x64
		{2957D865-3002-4090-9FB7-064F8290F1CA}.Debug|x64.Build.0 = Debug|x64
		{2957D865-3002-4090-9FB7-064F8290F1CA}.Debug|x86.ActiveCfg = Debug|Win32
		{2957D865-3002-4090-9FB7-064F8290F1CA}.Debug|x86.Build.0 = Debug|Win32
		{2957D865-3002-4090-9FB7-064F8290F1CA}.Release|x64.ActiveCfg = Release|x64
		{2957D865-3002-4090-9FB7-064F8290F1CA}.Release|x64.Build.0 = Release|x64
		{2957D865-3002-4090-9FB7-064F8290F1CA}.Release|x86.ActiveCfg = Release|Win32
		{2957D865-3002-4090-9FB7-064F8290F1CA}.Release|x86.Build.0 = Release|Win32
		{D76DDB77-C3D8-4763-B853-39D55186EC18}.Debug|x64.ActiveCfg = Debug|x64
		{D76DDB77-C3D8-4763-B853-39D55186EC18}.Debug|x64.Build.0 = Debug|x64
		{D76DDB77-C3D8-4763-B853-39D55186EC18}.Debug|x86.ActiveCfg = Debug|Win32
		{D76DDB77-C3D8-4763-B853-39D55186EC18}.Debug|x86.Build.0 = Debug|Win32
		{D76DDB77-C3D8-4763-B853-39D55186EC18}.Release|x64.ActiveCfg = Release|x64
		{D76DDB77-C3D8-4763-B853-39D55186EC18}.Release|x64.Build.0 = Release|x64
		{D76DDB77-C3D8-4763-B853-39D55186EC18}.Release|x86.ActiveCfg = Release|Win32
		{D76DDB77-C3D8-4763-B853-39D55186EC18}.Release|x86.Build.0 = Release|Win32
		{655AF921-056F-4502-946C-920B8F150F09}.Debug|x64.ActiveCfg = Debug|x64
		{655AF921-056F-4502-946C-920B8F150F09}.Debug|x64.Build.0 = Debug|x64
		{655AF921-056F-4502-946C-920B8F150F09}.Debug|x86.ActiveCfg = Debug|Win32
		{655AF921-056F-4502-946C-920B8F150F09}.Debug|x86.Build.0 = Debug|Win32
		{655AF921-056F-4502-946C-920B8F150F09}.Release|x64.ActiveCfg = Release|x64
		{655AF921-056F-4502-946C-920B8F150F09}.Release|x64.Build.0 = Release|x64
		{655AF921-056F-4502-946C-920B8F150F09}.Release|x86.ActiveCfg = Release|Win32
		{655AF921-056F-4502-946C-920B8F150F09}.Release|x86.Build.0 = Release|Win32
		{2316BAD2-F69F-4D6B-98E1-F5708380D27A}.Debug|x64.ActiveCfg = Debug|x64
		{2316BAD2-F69F-4D6B-98E1-F5708380D27A}.Debug|x64.Build.0 = Debug|x64
		{2316BAD2-F69F-4D6B-98E1-F5708380D27A}.Debug|x86.ActiveCfg = Debug|Win32
		{2316BAD2-F69F-4D6B-98E1-F5708380D27A}.Debug|x86.Build.0 = Debug|Win32
		{2316BAD2-F69F-4D6B-98E1-F5708380D27A}.Release|x64.ActiveCfg = Release|x64
		{2316BAD2-F69F-4D6B-98E1-F5708380D27A}.Release|x64.Build.0 = Release|x64
		{2316BAD2-F69F-4D6B-98E1-F5708380D27A}.Release|x86.ActiveCfg = Release|Win32
		{2316BAD2-F69F-4D6B-98E1-F5708380D27A}.Release|x86.Build.0 = Release|Win32
		{019EB9B5-5DBC-4A15-A6FC-6CABF973BC3E}.Debug|x64.ActiveCfg = Debug|x64
		{019EB9B5-5DBC-4A15-A6FC-6CABF973BC3E}.Debug|x64.Build.0 = Debug|x64
		{019EB9B5-5DBC-4A15-A6FC-6CABF973BC3E}.Debug|x86.ActiveCfg = Debug|Win32
		{019EB9B5-5DBC-4A15-A6FC-6CABF973BC3E}.Debug|x86.Build.0 = Debug|Win32
		{019EB9B5-5DBC-4A15-A6FC-6CABF973BC3E}.Release|x64.ActiveCfg = Release|x64
		{019EB9B5-5DBC-4A15-A6FC-6CABF973BC3E}.Release|x64.Build.0 = Release|x64
		{019EB9B5-5DBC-4A15-A6FC-6CABF973BC3E}.Release|x86.ActiveCfg = Release|Win32
		{019EB9B5-5DBC-4A15-A6FC-6CABF973BC3E}.Release|x86.Build.0 = Release|Win32
		{FF81FF9B-667A-40E7-AB32-B90CA7FFA9CC}.Debug|x64.ActiveCfg = Debug|x64
		{FF81FF9B-667A-40E7-AB32-B90CA7FFA9CC}.Debug|x64.Build.0 = Debug|x64
		{FF81FF9B-667A-40E7-AB32-B90CA7FFA9CC}.Debug|x86.ActiveCfg = Debug|Win32
		{FF81FF9B-667A-40E7-AB32-B90CA7FFA9CC}.Debug|x86.Build.0 = Debug|Win32
		{FF81FF9B-667A-40E7-AB32-B90CA7FFA9CC}.Release|x64.ActiveCfg = Release|x64
		{FF81FF9B-667A-40E7-AB32-B90CA7FFA9CC}.Release|x64.Build.0 = Release|x64
		{FF81FF9B-667A-40E7-AB32-B90CA7FFA9CC}.Release|x86.ActiveCfg = Release|Win32
		{FF81FF9B-667A-40E7-AB32-B90CA7FFA9CC}.Release|x86.Build.0 = Release|Win32
		{F068F642-255D-4B1E-962F-E554B9BFA2A5}.Debug|x64.ActiveCfg = Debug|x64
		{F068F642-255D-4B1E-962F-E554B9BFA2A5}.Debug|x64.Build.0 = Debug|x64
		{F068F642-255D-4B1E-962F-E554B9BFA2A5}.Debug|x86.ActiveCfg = Debug|Win32
		{F068F642-255D-4B1E-962F-E554B9BFA2A5}.Debug|x86.Build.0 = Debug|Win32
		{F068F642-255D-4B1E-962F-E554B9BFA2A5}.Release|x64.ActiveCfg = Release|x64
		{F068F642-255D-4B1E-962F-E554B9BFA2A5}.Release|x64.Build.0 = Release|x64
		{F068F642-255D-4B1E-962F-E554B9BFA2A5}.Release|x86.ActiveCfg = Release|Win32
		{F068F642-255D-4B1E-962F-E554B9BFA2A5}.Release|x86.Build.0 = Release|Win32
		{F32B2C9A-A656-4573-8F3C-61ADB4329EFF}.Debug|x64.ActiveCfg = Debug|x64
		{F32B2C9A-A656-4573-8F3C-61ADB4329EFF}.Debug|x64.Build.0 = Debug|x64
		{F32B2C9A-A656-4573-8F3C-61ADB4329EFF}.Debug|x86.ActiveCfg = Debug|Win32
		{F32B2C9A-A656-4573-8F3C-61ADB4329EFF}.Debug|x86.Build.0 = Debug|Win32
		{F32B2C9A-A656-4573-8F3C-61ADB4329EFF}.Release|x64.ActiveCfg = Release|x64
		{F32B2C9A-A656-4573-8F3C-61ADB4329EFF}.Release|x64.Build.0 = Release|x64
		{F32B2C9A-A656-4573-8F3C-61ADB4329EFF}.Release|x86.ActiveCfg = Release|Win32
		{F32B2C9A-A656-4573-8F3C-61ADB4329EFF}.Release|x86.Build.0 = Release|Win32
		{E7B506DF-F03F-4E5A-AFEC-4E210152F5CD}.Debug|x64.ActiveCfg = Debug|x64
		{E7B506DF-F03F-4E5A-AFEC-4E210152F5CD}.Debug|x64.Build.0 = Debug|x64
		{E7B506DF-F03F-4E5A-AFEC-4E210152F5CD}.Debug|x86.ActiveCfg = Debug|Win32
		{E7B506DF-F03F-4E5A-AFEC-4E210152F5CD}.Debug|x86.Build.0 = Debug|Win32
		{E7B506DF-F03F-4E5A-AFEC-4E210152F5CD}.Release|x64.ActiveCfg = Release|x64
		{E7B506DF-F03F-4E5A-AFEC-4E210152F5CD}.Release|x64.Build.0 = Release|x64
		{E7B506DF-F03F-4E5A-AFEC-4E210152F5CD}.Release|x86.ActiveCfg = Release|Win32
		{E7B506DF-F03F-4E5A-AFEC-4E210152F5CD}.Release|x86.Build.0 = Release|Win32
		{C2BF655F-C5A1-437B-88E0-FE0BEAAB7815}.Debug|x64.ActiveCfg = Debug|x64
		{C2BF655F-C5A1-437B-88E0-FE0BEAAB7815}.Debug|x64.Build.0 = Debug|x64
		{C2BF655F-C5A1-437B-88E0-FE0BEAAB7815}.Debug|x86.ActiveCfg = Debug|Win32
		{C2BF655F-C5A1-437B-88E0-FE0BEAAB7815}.Debug|x86.Build.0 = Debug|Win32
		{C2BF655F-C5A1-437B-88E0-FE0BEAAB7815}.Release|x64.ActiveCfg = Release|x64
		{C2BF655F-C5A1-437B-88E0-FE0BEAAB7815}.Release|x64.Build.0 = Release|x64
		{C2BF655F-C5A1-437B-88E0-FE0BEAAB7815}.Release|x86.ActiveCfg = Release|Win32
		{C2BF655F-C5A1-437B-88E0-FE0BEAAB7815}.Release|x86.Build.0 = Release|Win32
		{B4E54ACD-47FA-47BD-815B-076E46B61854}.Debug|x64.ActiveCfg = Debug|x64
		{B4E54ACD-47FA-47BD-815B-076E46B61854}.Debug|x64.Build.0 = Debug|x64
		{B4E54ACD-47FA-47BD-815B-076E46B61854}.Debug|x86.ActiveCfg = Debug|Win32
		{B4E54ACD-47FA-47BD-815B-076E46B61854}.Debug|x86.Build.0 = Debug|Win32
		{B4E54ACD-47FA-47BD-815B-076E46B61854}.Release|x64.ActiveCfg = Release|x64
		{B4E54ACD-47FA-47BD-815B-076E46B61854}.Release|x64.Build.0 = Release|x64
		{B4E54ACD-47FA-47BD-815B-076E46B61854}.Release|x86.ActiveCfg = Release|Win32
		{B4E54ACD-47FA-47BD-815B-076E46B61854}.Release|x86.Build.0 = Release|Win32
		{B1A1CBF0-CF3A-462A-8993-8A3DF50836DB}.Debug|x64.ActiveCfg = Debug|x64
		{B1A1CBF0-CF3A-462A-8993-8A3DF50836DB}.Debug|x64.Build.0 = Debug|x64
		{B1A1CBF0-CF3A-462A-8993-8A3DF50836DB}.Debug|x86.ActiveCfg = Debug|Win32
		{B1A1CBF0-CF3A-462A-8993-8A3DF50836DB}.Debug|x86.Build.0 = Debug|Win32
		{B1A1CBF0-CF3A-462A-8993-8A3DF50836DB}.Release|x64.ActiveCfg = Release|x64
		{B1A1CBF0-CF3A-462A-8993-8A3DF50836DB}.Release|x64.Build.0 = Release|x64
		{B1A1CBF0-CF3A-462A-8993-8A3DF50836DB}.Release|x86.ActiveCfg = Release|Win32
		{B1A1CBF0-CF3A-462A-8993-8A3DF50836DB}.Release|x86.Build.0 = Release|Win32
		{F8613149-CDB4-4EEE-A194-1B7AA5C46BC4}.Debug|x64.ActiveCfg = Debug|x64
		{F8613149-CDB4-4EEE-A194-1B7AA5C46BC4}.Debug|x64.Build.0 = Debug|x64
		{F8613149-CDB4-4EEE-A194-1B7AA5C46BC4}.Debug|x86.ActiveCfg = Debug|Win32
		{F8613149-CDB4-4EEE-A194-1B7AA5C46BC4}.Debug|x86.Build.0 = Debug|Win32
		{F8613149-CDB4-4EEE-A194-1B7AA5C46BC4}.Release|x64.ActiveCfg = Release|x64
		{F8613149-CDB4-4EEE-A194-1B7AA5C46BC4}.Release|x64.Build.0 = Release|x64
		{F8613149-CDB4-4EEE-A194-1B7AA5C46BC4}.Release|x86.ActiveCfg = Release|Win32
		{F8613149-CDB4-4EEE-A194-1B7AA5C46BC4}.Release|x86.Build.0 = Release|Win32
		{8F52169F-F720-425C-AAA9-75BF24DA89E8}.Debug|x64.ActiveCfg = Debug|x64
		{8F52169F-F720-425C-AAA9-75BF24DA89E8}.Debug|x64.Build.0 = Debug|x64
		{8F52169F-F720-425C-AAA9-75BF24DA89E8}.Debug|x86.ActiveCfg = Debug|Win32
		{8F52169F-F720-425C-AAA9-75BF24DA89E8}.Debug|x86.Build.0 = Debug|Win32
		{8F52169F-F720-425C-AAA9-75BF24DA89E8}.Release|x64.ActiveCfg = Release|x64
		{8F52169F-F720-425C-AAA9-75BF24DA89E8}.Release|x64.Build.0 = Release|x64
		{8F52169F-F720-425C-AAA9-75BF24DA89E8}.Release|x86.ActiveCfg = Release|Win32
		{8F52169F-F720-425C-AAA9-75BF24DA89E8}.Release|x86.Build.0 = Release|Win32
		{9732D217-35BD-46C8-9170-CD0DDF50E9F5}.Debug|x64.ActiveCfg = Debug|x64
		{9732D217-35BD-46C8-9170-CD0DDF50E9F5}.Debug|x64.Build.0 = Debug|x64
		{9732D217-35BD-46C8-9170-CD0DDF50E9F5}.Debug|x86.ActiveCfg = Debug|Win32
		{9732D217-35BD-46C8-9170-CD0DDF50E9F5}.Debug|x86.Build.0 = Debug|Win32
		{9732D217-35BD-46C8-9170-CD0DDF50E9F5}.Release|x64.ActiveCfg = Release|x64
		{9732D217-35BD-46C8-9170-CD0DDF50E9F5}.Release|x64.Build.0 = Release|x64
		{9732D217-35BD-46C8-9170-CD0DDF50E9F5}.Release|x86.ActiveCfg = Release|Win32
		{9732D217-35BD-46C8-9170-CD0DDF50E9F5}.Release|x86.Build.0 = Release|Win32
		{6DE6CFB9-9301-44E7-93AE-ECB3FDAB1E85}.Debug|x64.ActiveCfg = Debug|x64
		{6DE6CFB9-9301-44E7-93AE-ECB3FDAB1E85}.Debug|x64.Build.0 = Debug|x64
		{6DE6CFB9-9301-44E7-93AE-ECB3FDAB1E85}.Debug|x86.ActiveCfg = Debug|Win32
		{6DE6CFB9-9301-44E7-93AE-ECB3FDAB1E85}.Debug|x86.Build.0 = Debug|Win32
		{6DE6CFB9-9301-44E7-93AE-ECB3FDAB1E85}.Release|x64.ActiveCfg = Release|x64
		{6DE6CFB9-9301-44E7-93AE-ECB3FDAB1E85}.Release|x64.Build.0 = Release|x64
		{6DE6CFB9-9301-44E7-93AE-ECB3FDAB1E85}.Release|x86.ActiveCfg = Release|Win32
		{6DE6CFB9-9301-44E7-93AE-ECB3FDAB1E85}.Release|x86.Build.0 = Release|Win32
		{6B53A2FA-277C-41EC-A619-465FE871C814}.Debug|x64.ActiveCfg = Debug|x64
		{6B53A2FA-277C-41EC-A619-465FE871C814}.Debug|x64.Build.0 = Debug|x64
		{6B53A2FA-277C-41EC-A619-465FE871C814}.Debug|x86.ActiveCfg = Debug|Win32
		{6B53A2FA-277C-41EC-A619-465FE871C814}.Debug|x86.Build.0 = Debug|Win32
		{6B53A2FA-277C-41EC-A619-465FE871C814}.Release|x64.ActiveCfg = Release|x64
		{6B53A2FA-277C-41EC-A619-465FE871C814}.Release|x64.Build.0 = Release|x64
		{6B53A2FA-277C-41EC-A619-465FE871C814}.Release|x86.ActiveCfg = Release|Win32
		{6B53A2FA-277C-41EC-A619-465FE871C814}.Release|x86.Build.0 = Release|Win32
		{90E02D97-122C-411E-B5B9-23DA9AB9725F}.Debug|x64.ActiveCfg = Debug|x64
		{90E02D97-122C-411E-B5B9-23DA9AB9725F}.Debug|x64.Build.0 = Debug|x64
		{90E02D97-122C-411E-B5B9-23DA9AB9725F}.Debug|x86.ActiveCfg = Debug|Win32
		{90E02D97-122C-411E-B5B9-23DA9AB9725F}.Debug|x86.Build.0 = Debug|Win32
		{90E02D97-122C-411E-B5B9-23DA9AB9725F}.Release|x64.ActiveCfg = Release|x64
		{90E02D97-122C-411E-B5B9-23DA9AB9725F}.Release|x64.Build.0 = Release|x64
		{90E02D97-122C-411E-B5B9-23DA9AB9725F}.Release|x86.ActiveCfg = Release|Win32
		{90E02D97-122C-411E-B5B9-23DA9AB9725F}.Release|x86.Build.0 = Release|Win32
		{713D5544-9B82-4938-8FDF-A7F24F026F2D}.Debug|x64.ActiveCfg = Debug|x64
		{713D5544-9B82-4938-8FDF-A7F24F026F2D}.Debug|x64.Build.0 = Debug|x64
		{713D5544-9B82-4938-8FDF-A7F24F026F2D}.Debug|x86.ActiveCfg = Debug|Win32
		{713D5544-9B82-4938-8FDF-A7F24F026F2D}.Debug|x86.Build.0 = Debug|Win32
		{713D5544-9B82-4938-8FDF-A7F24F026F2D}.Release|x64.ActiveCfg = Release|x64
		{713D5544-9B82-4938-8FDF-A7F24F026F2D}.Release|x64.Build.0 = Release|x64
		{713D5544-9B82-4938-8FDF-A7F24F026F2D}.Release|x86.ActiveCfg = Release|Win32
		{713D5544-9B82-4938-8FDF-A7F24F026F2D}.Release|x86.Build.0 = Release|Win32
		{2B2C93FA-33FF-4523-8932-FEA9BC420104}.Debug|x64.ActiveCfg = Debug|x64
		{2B2C93FA-33FF-4523-8932-FEA9BC420104}.Debug|x64.Build.0 = Debug|x64
		{2B2C93FA-33FF-4523-8932-FEA9BC420104}.Debug|x86.ActiveCfg = Debug|Win32
		{2B2C93FA-33FF-4523-8932-FEA9BC420104}.Debug|x86.Build.0 = Debug|Win32
		{2B2C93FA-33FF-4523-8932-FEA9BC420104}.Release|x64.ActiveCfg = Release|x64
		{2B2C93FA-33FF-4523-8932-FEA9BC420104}.Release|x64.Build.0 = Release|x64
		{2B2C93FA-33FF-4523-8932-FEA9BC420104}.Release|x86.ActiveCfg = Release|Win32
		{2B2C93FA-33FF-4523-8932-FEA9BC420104}.Release|x86.Build.0 = Release|Win32
		{0B34C902-D663-4E3D-A8AC-728B886A0F09}.Debug|x64.ActiveCfg = Debug|x64
		{0B34C902-D663-4E3D-A8AC-728B886A0F09}.Debug|x64.Build.0 = Debug|x64
		{0B34C902-D663-4E3D-A8AC-728B886A0F09}.Debug|x86.ActiveCfg = Debug|Win32
		{0B34C902-D663-4E3D-A8AC-728B886A0F09}.Debug|x86.Build.0 = Debug|Win32
		{0B34C902-D663-4E3D-A8AC-728B886A0F09}.Release|x64.ActiveCfg = Release|x64
		{0B34C902-D663-4E3D-A8AC-728B886A0F09}.Release|x64.Build.0 = Release|x64
		{0B34C902-D663-4E3D-A8AC-728B886A0F09}.Release|x86.ActiveCfg = Release|Win32
		{0B34C902-D663-4E3D-A8AC-728B886A0F09}.Release|x86.Build.0 = Release|Win32
		{03844543-EFE1-414F-A83B-4306A3AD65CA}.Debug|x64.ActiveCfg = Debug|x64
		{03844543-EFE1-414F-A83B-4306A3AD65CA}.Debug|x64.Build.0 = Debug|x64
		{03844543-EFE1-414F-A83B-4306A3AD65CA}.Debug|x86.ActiveCfg = Debug|Win32
		{03844543-EFE1-414F-A83B-4306A3AD65CA}.Debug|x86.Build.0 = Debug|Win32
		{03844543-EFE1-414F-A83B-4306A3AD65CA}.Release|x64.ActiveCfg = Release|x64
		{03844543-EFE1-414F-A83B-4306A3AD65CA}.Release|x64.Build.0 = Release|x64
		{03844543-EFE1-414F-A83B-4306A3AD65CA}.Release|x86.ActiveCfg = Release|Win32
		{03844543-EFE1-414F-A83B-4306A3AD65CA}.Release|x86.Build.0 = Release|Win32
		{2A293859-7085-4CD4-8933-DBDC77D3D249}.Debug|x64.ActiveCfg = Debug|x64
		{2A293859-7085-4CD4-8933-DBDC77D3D249}.Debug|x64.Build.0 = Debug|x64
		{2A293859-7085-4CD4-8933-DBDC77D3D249}.Debug|x86.ActiveCfg = Debug|Win32
		{2A293859-7085-4CD4-8933-DBDC77D3D249}.Debug|x86.Build.0 = Debug|Win32
		{2A293859-7085-4CD4-8933-DBDC77D3D249}.Release|x64.ActiveCfg = Release|x64
		{2A293859-7085-4CD4-8933-DBDC77D3D249}.Release|x64.Build.0 = Release|x64
		{2A293859-7085-4CD4-8933-DBDC77D3D249}.Release|x86.ActiveCfg = Release|Win32
		{2A293859-7085-4CD4-8933-DBDC77D3D249}.Release|x86.Build.0 = Release|Win32
		{F4CCBDEA-1D86-41D5-9812-3DCD4A059E46}.Debug|x64.ActiveCfg = Debug|x64
		{F4CCBDEA-1D86-41D5-9812-3DCD4A059E46}.Debug|x64.Build.0 = Debug|x64
		{F4CCBDEA-1D86-41D5-9812-3DCD4A059E46}.Debug|x86.ActiveCfg = Debug|Win32
		{F4CCBDEA-1D86-41D5-9812-3DCD4A059E46}.Debug|x86.Build.0 = Debug|Win32
		{F4CCBDEA-1D86-41D5-9812-3DCD4A059E46}.Release|x64.ActiveCfg = Release|x64
		{F4CCBDEA-1D86-41D5-9812-3DCD4A059E46}.Release|x64.Build.0 = Release|x64
		{F4CCBDEA-1D86-41D5-9812-3DCD4A059E46}.Release|x86.ActiveCfg = Release|Win32
		{F4CCBDEA-1D86-41D5-9812-3DCD4A059E46}.Release|x86.Build.0 = Release|Win32
		{07E34100-1C82-43D0-99BC-224D97946CDD}.Debug|x64.ActiveCfg = Debug|x64
		{07E34100-1C82-43D0-99BC-224D97946CDD}.Debug|x64.Build.0 = Debug|x64
		{07E34100-1C82-43D0-99BC-224D97946CDD}.Debug|x86.ActiveCfg = Debug|Win32
		{07E34100-1C82-43D0-99BC-224D97946CDD}.Debug|x86.Build.0 = Debug|Win32
		{07E34100-1C82-43D0-99BC-224D97946CDD}.Release|x64.ActiveCfg = Release|x64
		{07E34100-1C82-43D0-99BC-224D97946CDD}.Release|x64.Build.0 = Release|x64
		{07E34100-1C82-43D0-99BC-224D97946CDD}.Release|x86.ActiveCfg = Release|Win32
		{07E34100-1C82-43D0-99BC-224D97946CDD}.Release|x86.Build.0 = Release|Win32
		{33433EB5-AD97-4E5A-ABFD-D4487A0AD22B}.Debug|x64.ActiveCfg = Debug|x64
		{33433EB5-AD97-4E5A-ABFD-D4487A0AD22B}.Debug|x64.Build.0 = Debug|x64
		{33433EB5-AD97-4E5A-ABFD-D4487A0AD22B}.Debug|x86.ActiveCfg = Debug|Win32
		{33433EB5-AD97-4E5A-ABFD-D4487A0AD22B}.Debug|x86.Build.0 = Debug|Win32
		{33433EB5-AD97-4E5A-ABFD-D4487A0AD22B}.Release|x64.ActiveCfg = Release|x64
		{33433EB5-AD97-4E5A-ABFD-D4487A0AD22B}.Release|x64.Build.0 = Release|x64
		{33433EB5-AD97-4E5A-ABFD-D4487A0AD22B}.Release|x86.ActiveCfg = Release|Win32
		{33433EB5-AD97-4E5A-ABFD-D4487A0AD22B}.Release|x86.Build.0 = Release|Win32
		{CB73CCAC-D864-484B-A72B-66A6AD2504A1}.Debug|x64.ActiveCfg = Debug|x64
		{CB73CCAC-D864-484B-A72B-66A6AD2504A1}.Debug|x64.Build.0 = Debug|x64
		{CB73CCAC-D864-484B-A72B-66A6AD2504A1}.Debug|x86.ActiveCfg = Debug|Win32
		{CB73CCAC-D864-484B-A72B-66A6AD2504A1}.Debug|x86.Build.0 = Debug|Win32
		{CB73CCAC-D864-484B-A72B-66A6AD2504A1}.Release|x64.ActiveCfg = Release|x64
		{CB73CCAC-D864-484B-A72B-66A6AD2504A1}.Release|x64.Build.0 = Release|x64
		{CB73CCAC-D864-484B-A72B-66A6AD2504A1}.Release|x86.ActiveCfg = Release|Win32
		{CB73CCAC-D864-484B-A72B-66A6AD2504A1}.Release|x86.Build.0 = Release|Win32
		{99543B6A-C6D1-47D0-8B7D-7C3FD9B2B037}.Debug|x64.ActiveCfg = Debug|x64
		{99543B6A-C6D1-47D0-8B7D-7C3FD9B2B037}.Debug|x64.Build.0 = Debug|x64
		{99543B6A-C6D1-47D0-8B7D-7C3FD9B2B037}.Debug|x86.ActiveCfg = Debug|Win32
		{99543B6A-C6D1-47D0-8B7D-7C3FD9B2B037}.Debug|x86.Build.0 = Debug|Win32
		{99543B6A-C6D1-47D0-8B7D-7C3FD9B2B037}.Release|x64.ActiveCfg = Release|x64
		{99543B6A-C6D1-47D0-8B7D-7C3FD9B2B037}.Release|x64.Build.0 = Release|x64
		{99543B6A-C6D1-47D0-8B7D-7C3FD9B2B037}.Release|x86.ActiveCfg = Release|Win32
		{99543B6A-C6D1-47D0-8B7D-7C3FD9B2B037}.Release|x86.Build.0 = Release|Win32
		{4584ED1C-A878-4BAE-B264-4433205341DD}.Debug|x64.ActiveCfg = Debug|x64
		{4584ED1C-A878-4BAE-B264-4433205341DD}.Debug|x64.Build.0 = Debug|x64
		{4584ED1C-A878-4BAE-B264-4433205341DD}.Debug|x86.ActiveCfg = Debug|Win32
		{4584ED1C-A878-4BAE-B264-4433205341DD}.Debug|x86.Build.0 = Debug|Win32
		{4584ED1C-A878-4BAE-B264-4433205341DD}.Release|x64.ActiveCfg = Release|x64
		{4584ED1C-A878-4BAE-B264-4433205341DD}.Release|x64.Build.0 = Release|x64
		{4584ED1C-A878-4BAE-B264-4433205341DD}.Release|x86.ActiveCfg = Release|Win32
		{4584ED1C-A878-4BAE-B264-4433205341DD}.Release|x86.Build.0 = Release|Win32
		{8CC4371B-4F4F-47D6-955B-AE6030DD02CB}.Debug|x64.ActiveCfg = Debug|x64
		{8CC4371B-4F4F-47D6-955B-AE6030DD02CB}.Debug|x64.Build.0 = Debug|x64
		{8CC4371B-4F4F-47D6-955B-AE6030DD02CB}.Debug|x86.ActiveCfg = Debug|Win32
		{8CC4371B-4F4F-47D6-955B-AE6030DD02CB}.Debug|x86.Build.0 = Debug|Win32
		{8CC4371B-4F4F-47D6-955B-AE6030DD02CB}.Release|x64.ActiveCfg = Release|x64
		{8CC4371B-4F4F-47D6-955B-AE6030DD02CB}.Release|x64.Build.0 = Release|x64
		{8CC4371B-4F4F-47D6-955B-AE6030DD02CB}.Release|x86.ActiveCfg = Release|Win32
		{8CC4371B-4F4F-47D6-955B-AE6030DD02CB}.Release|x86.Build.0 = Release|Win32
		{2BAABBE6-EA37-445A-846A-FD31A7AE1613}.Debug|x64.ActiveCfg = Debug|x64
		{2BAABBE6-EA37-445A-846A-FD31A7AE1613}.Debug|x64.Build.0 = Debug|x64
		{2BAABBE6-EA37-445A-846A-FD31A7AE1613}.Debug|x86.ActiveCfg = Debug|Win32
		{2BAABBE6-EA37-445A-846A-FD31A7AE1613}.Debug|x86.Build.0 = Debug|Win32
		{2BAABBE6-EA37-445A-846A-FD31A7AE1613}.Release|x64.ActiveCfg = Release|x64
		{2BAABBE6-EA37-445A-846A-FD31A7AE1613}.Release|x64.Build.0 = Release|x64
		{2BAABBE6-EA37-445A-846A-FD31A7AE1613}.Release|x86.ActiveCfg = Release|Win32
		{2BAABBE6-EA37-445A-846A-FD31A7AE1613}.Release|x86.Build.0 = Release|Win32
		{705406EB-FC4B-4352-BBCB-EA9BA23C88D5}.Debug|x64.ActiveCfg = Debug|x64
		{705406EB-FC4B-4352-BBCB-EA9BA23C88D5}.Debug|x64.Build.0 = Debug|x64
		{705406EB-FC4B-4352-BBCB-EA9BA23C88D5}.Debug|x86.ActiveCfg = Debug|Win32
		{705406EB-FC4B-4352-BBCB-EA9BA23C88D5}.Debug|x86.Build.0 = Debug|Win32
		{705406EB-FC4B-4352-BBCB-EA9BA23C88D5}.Release|x64.ActiveCfg = Release|x64
		{705406EB-FC4B-4352-BBCB-EA9BA23C88D5}.Release|x64.Build.0 = Release|x64
		{705406EB-FC4B-4352-BBCB-EA9BA23C88D5}.Release|x86.ActiveCfg = Release|Win32
		{705406EB-FC4B-4352-BBCB-EA9BA23C88D5}.Release|x86.Build.0 = Release|Win32
		{F6BE4C37-398A-4554-AFB5-24728B767EDB}.Debug|x64.ActiveCfg = Debug|x64
		{F6BE4C37-398A-4554-AFB5-24728B767EDB}.Debug|x64.Build.0 = Debug|x64
		{F6BE4C37-398A-4554-AFB5-24728B767EDB}.Debug|x86.ActiveCfg = Debug|Win32
		{F6BE4C37-398A-4554-AFB5-24728B767EDB}.Debug|x86.Build.0 = Debug|Win32
		{F6BE4C37-398A-4554-AFB5-24728B767EDB}.Release|x64.ActiveCfg = Release|x64
		{F6BE4C37-398A-4554-AFB5-24728B767EDB}.Release|x64.Build.0 = Release|x64
		{F6BE4C37-398A-4554-AFB5-24728B767EDB}.Release|x86.ActiveCfg = Release|Win32
		{F6BE4C37-398A-4554-AFB5-24728B767EDB}.Release|x86.Build.0 = Release|Win32
		{D295FC7A-BF90-46D5-955D-DDE72B014886}.Debug|x64.ActiveCfg = Debug|x64
		{D295FC7A-BF90-46D5-955D-DDE72B014886}.Debug|x64.Build.0 = Debug|x64
		{D295FC7A-BF90-46D5-955D-DDE72B014886}.Debug|x86.ActiveCfg = Debug|Win32
		{D295FC7A-BF90-46D5-955D-DDE72B014886}.Debug|x86.Build.0 = Debug|Win32
		{D295FC7A-BF90-46D5-955D-DDE72B014886}.Release|x64.ActiveCfg = Release|x64
		{D295FC7A-BF90-46D5-955D-DDE72B014886}.Release|x64.Build.0 = Release|x64
		{D295FC7A-BF90-46D5-955D-DDE72B014886}.Release|x86.ActiveCfg = Release|Win32
		{D295FC7A-BF90-46D5-955D-DDE72B014886}.Release|x86.Build.0 = Release|Win32
		{BBE04CB3-E6D3-4BDD-BF18-1EF3F0A6CB3D}.Debug|x64.ActiveCfg = Debug|x64
		{BBE04CB3-E6D3-4BDD-BF18-1EF3F0A6CB3D}.Debug|x64.Build.0 = Debug|x64
		{BBE04CB3-E6D3-4BDD-BF18-1EF3F0A6CB3D}.Debug|x86.ActiveCfg = Debug|Win32
		{BBE04CB3-E6D3-4BDD-BF18-1EF3F0A6CB3D}.Debug|x86.Build.0 = Debug|Win32
		{BBE04CB3-E6D3-4BDD-BF18-1EF3F0A6CB3D}.Release|x64.ActiveCfg = Release|x64
		{BBE04CB3-E6D3-4BDD-BF18-1EF3F0A6CB3D}.Release|x64.Build.0 = Release|x64
		{BBE04CB3-E6D3-4BDD-BF18-1EF3F0A6CB3D}.Release|x86.ActiveCfg = Release|Win32
		{BBE04CB3-E6D3-4BDD-BF18-1EF3F0A6CB3D}.Release|x86.Build.0 = Release|Win32
		{E7CA1078-19FC-4372-A0C7-82543152C3A7}.Debug|x64.ActiveCfg = Debug|x64
		{E7CA1078-19FC-4372-A0C7-82543152C3A7}.Debug|x64.Build.0 = Debug|x64
		{E7CA1078-19FC-4372-A0C7-82543152C3A7}.Debug|x86.ActiveCfg = Debug|Win32
		{E7CA1078-19FC-4372-A0C7-82543152C3A7}.Debug|x86.Build.0 = Debug|Win32
		{E7CA1078-19FC-4372-A0C7-82543152C3A7}.Release|x64.ActiveCfg = Release|x64
		{E7CA1078-19FC-4372-A0C7-82543152C3A7}.Release|x64.Build.0 = Release|x64
		{E7CA1078-19FC-4372-A0C7-82543152C3A7}.Release|x86.ActiveCfg = Release|Win32
		{E7CA1078-19FC-4372-A0C7-82543152C3A7}.Release|x86.Build.0 = Release|Win32
		{E1E70BD0-1A92-4E01-A1CB-0F7AEB1B6053}.Debug|x64.ActiveCfg = Debug|x64
		{E1E70BD0-1A92-4E01-A1CB-0F7AEB1B6053}.Debug|x64.Build.0 = Debug|x64
		{E1E70BD0-1A92-4E01-A1CB-0F7AEB1B6053}.Debug|x86.ActiveCfg = Debug|Win32
		{E1E70BD0-1A92-4E01-A1CB-0F7AEB1B6053}.Debug|x86.Build.0 = Debug|Win32
		{E1E70BD0-1A92-4E01-A1CB-0F7AEB1B6053}.Release|x64.ActiveCfg = Release|x64
		{E1E70BD0-1A92-4E01-A1CB-0F7AEB1B6053}.Release|x64.Build.0 = Release|x64
		{E1E70BD0-1A92-4E01-A1CB-0F7AEB1B6053}.Release|x86.ActiveCfg = Release|Win32
		{E1E70BD0-1A92-4E01-A1CB-0F7AEB1B6053}.Release|x86.Build.0 = Release|Win32
		{259CEB71-539E-4EAA-B8AD-602BA80F5A10}.Debug|x64.ActiveCfg = Debug|x64
		{259CEB71-539E-4EAA-B8AD-602BA80F5A10}.Debug|x64.Build.0 = Debug|x64
		{259CEB71-539E-4EAA-B8AD-602BA80F5A10}.Debug|x86.ActiveCfg = Debug|Win32
		{259CEB71-539E-4EAA-B8AD-602BA80F5A10}.Debug|x86.Build.0 = Debug|Win32
		{259CEB71-539E-4EAA-B8AD-602BA80F5A10}.Release|x64.ActiveCfg = Release|x64
		{259CEB71-539E-4EAA-B8AD-602BA80F5A10}.Release|x64.Build.0 = Release|x64
		{259CEB71-539E-4EAA-B8AD-602BA80F5A10}.Release|x86.ActiveCfg = Release|Win32
		{259CEB71-539E-4EAA-B8AD-602BA80F5A10}.Release|x86.Build.0 = Release|Win32
		{0864AE8C-79AC-40FF-9B97-3BA7C7839C2E}.Debug|x64.ActiveCfg = Debug|x64
		{0864AE8C-79AC-40FF-9B97-3BA7C7839C2E}.Debug|x64.Build.0 = Debug|x64
		{0864AE8C-79AC-40FF-9B97-3BA7C7839C2E}.Debug|x86.ActiveCfg = Debug|Win32
		{0864AE8C-79AC-40FF-9B97-3BA7C7839C2E}.Debug|x86.Build.0 = Debug|Win32
		{0864AE8C-79AC-40FF-9B97-3BA7C7839C2E}.Release|x64.ActiveCfg = Release|x64
		{0864AE8C-79AC-40FF-9B97-3BA7C7839C2E}.Release|x64.Build.0 = Release|x64
		{0864AE8C-79AC-40FF-9B97-3BA7C7839C2E}.Release|x86.ActiveCfg = Release|Win32
		{0864AE8C-79AC-40FF-9B97-3BA7C7839C2E}.Release|x86.Build.0 = Release|Win32
		{F284427F-E6FB-4305-8B81-BE46D39CC9BC}.Debug|x64.ActiveCfg = Debug|x64
		{F284427F-E6FB-4305-8B81-BE46D39CC9BC}.Debug|x64.Build.0 = Debug|x64
		{F284427F-E6FB-4305-8B81-BE46D39CC9BC}.Debug|x86.ActiveCfg = Debug|Win32
		{F284427F-E6FB-4305-8B81-BE46D39CC9BC}.Debug|x86.Build.0 = Debug|Win32
		{F284427F-E6FB-4305-8B81-BE46D39CC9BC}.Release|x64.ActiveCfg = Release|x64
		{F284427F-E6FB-4305-8B81-BE46D39CC9BC}.Release|x64.Build.0 = Release|x64
		{F284427F-E6FB-4305-8B81-BE46D39CC9BC}.Release|x86.ActiveCfg = Release|Win32
		{F284427F-E6FB-4305-8B81-BE46D39CC9BC}.Release|x86.Build.0 = Release|Win32
		{580C06D5-CAF4-47F8-AC30-1F84787D6EA9}.Debug|x64.ActiveCfg = Debug|x64
		{580C06D5-CAF4-47F8-AC30-1F84787D6EA9}.Debug|x64.Build.0 = Debug|x64
		{580C06D5-CAF4-47F8-AC30-1F84787D6EA9}.Debug|x86.ActiveCfg = Debug|Win32
		{580C06D5-CAF4-47F8-AC30-1F84787D6EA9}.Debug|x86.Build.0 = Debug|Win32
		{580C06D5-CAF4-47F8-AC30-1F84787D6EA9}.Release|x64.ActiveCfg = Release|x64
		{580C06D5-CAF4-47F8-AC30-1F84787D6EA9}.Release|x64.Build.0 = Release|x64
		{580C06D5-CAF4-47F8-AC30-1F84787D6EA9}.Release|x86.ActiveCfg = Release|Win32
		{580C06D5-CAF4-47F8-AC30-1F84787D6EA9}.Release|x86.Build.0 = Release|Win32
		{318EAB2F-BA23-47EE-8565-F9572C1F9E97}.Debug|x64.ActiveCfg = Debug|x64
		{318EAB2F-BA23-47EE-8565-F9572C1F9E97}.Debug|x64.Build.0 = Debug|x64
		{318EAB2F-BA23-47EE-8565-F9572C1F9E97}.Debug|x86.ActiveCfg = Debug|Win32
		{318EAB2F-BA23-47EE-8565-F9572C1F9E97}.Debug|x86.Build.0 = Debug|Win32
		{318EAB2F-BA23-47EE-8565-F9572C1F9E97}.Release|x64.ActiveCfg = Release|x64
		{318EAB2F-BA23-47EE-8565-F9572C1F9E97}.Release|x64.Build.0 = Release|x64
		{318EAB2F-BA23-47EE-8565-F9572C1F9E97}.Release|x86.ActiveCfg = Release|Win32
		{318EAB2F-BA23-47EE-8565-F9572C1F9E97}.Release|x86.Build.0 = Release|Win32
		{DEE893AC-C140-4660-8363-2214E6637047}.Debug|x64.ActiveCfg = Debug|x64
		{DEE893AC-C140-4660-8363-2214E6637047}.Debug|x64.Build.0 = Debug|x64
		{DEE893AC-C140-4660-8363-2214E6637047}.Debug|x86.ActiveCfg = Debug|Win32
		{DEE893AC-C140-4660-8363-2214E6637047}.Debug|x86.Build.0 = Debug|Win32
		{DEE893AC-C140-4660-8363-2214E6637047}.Release|x64.ActiveCfg = Release|x64
		{DEE893AC-C140-4660-8363-2214E6637047}.Release|x64.Build.0 = Release|x64
		{DEE893AC-C140-4660-8363-2214E6637047}.Release|x86.ActiveCfg = Release|Win32
		{DEE893AC-C140-4660-8363-2214E6637047}.Release|x86.Build.0 = Release|Win32
		{98B772B0-77D4-4321-9300-89FE2D5B89F7}.Debug|x64.ActiveCfg = Debug|x64
		{98B772B0-77D4-4321-9300-89FE2D5B89F7}.Debug|x64.Build.0 = Debug|x64
		{98B772B0-77D4-4321-9300-89FE2D5B89F7}.Debug|x86.ActiveCfg = Debug|Win32
		{98B772B0-77D4-4321-9300-89FE2D5B89F7}.Debug|x86.Build.0 = Debug|Win32
		{98B772B0-77D4-4321-9300-89FE2D5B89F7}.Release|x64.ActiveCfg = Release|x64
		{98B772B0-77D4-4321-9300-89FE2D5B89F7}.Release|x64.Build.0 = Release|x64
		{98B772B0-77D4-4321-9300-89FE2D5B89F7}.Release|x86.ActiveCfg = Release|Win32
		{98B772B0-77D4-4321-9300-89FE2D5B89F7}.Release|x86.Build.0 = Release|Win32
		{E99409C6-EABB-4EE3-969A-13E89576870F}.Debug|x64.ActiveCfg = Debug|x64
		{E99409C6-EABB-4EE3-969A-13E89576870F}.Debug|x64.Build.0 = Debug|x64
		{E99409C6-EABB-4EE3-969A-13E89576870F}.Debug|x86.ActiveCfg = Debug|Win32
		{E99409C6-EABB-4EE3-969A-13E89576870F}.Debug|x86.Build.0 = Debug|Win32
		{E99409C6-EABB-4EE3-969A-13E89576870F}.Release|x64.ActiveCfg = Release|x64
		{E99409C6-EABB-4EE3-969A-13E89576870F}.Release|x64.Build.0 = Release|x64
		{E99409C6-EABB-4EE3-969A-13E89576870F}.Release|x86.ActiveCfg = Release|Win32
		{E99409C6-EABB-4EE3-969A-13E89576870F}.Release|x86.Build.0 = Release|Win32
		{59D39CC8-1529-4BAE-B276-47B004D17E00}.Debug|x64.ActiveCfg = Debug|x64
		{59D39CC8-1529-4BAE-B276-47B004D17E00}.Debug|x64.Build.0 = Debug|x64
		{59D39CC8-1529-4BAE-B276-47B004D17E00}.Debug|x86.ActiveCfg = Debug|Win32
		{59D39CC8-1529-4BAE-B276-47B004D17E00}.Debug|x86.Build.0 = Debug|Win32
		{59D39CC8-1529-4BAE-B276-47B004D17E00}.Release|x64.ActiveCfg = Release|x64
		{59D39CC8-1529-4BAE-B276-47B004D17E00}.Release|x64.Build.0 = Release|x64
		{59D39CC8-1529-4BAE-B276-47B004D17E00}.Release|x86.ActiveCfg = Release|Win32
		{59D39CC8-1529-4BAE-B276-47B004D17E00}.Release|x86.Build.0 = Release|Win32
		{CFD178F5-3765-4AE4-AE4A-F85EC7097E1C}.Debug|x64.ActiveCfg = Debug|x64
		{CFD178F5-3765-4AE4-AE4A-F85EC7097E1C}.Debug|x64.Build.0 = Debug|x64
		{CFD178F5-3765-4AE4-AE4A-F85EC7097E1C}.Debug|x86.ActiveCfg = Debug|Win32
		{CFD178F5-3765-4AE4-AE4A-F85EC7097E1C}.Debug|x86.Build.0 = Debug|Win32
		{CFD178F5-3765-4AE4-AE4A-F85EC7097E1C}.Release|x64.ActiveCfg = Release|x64
		{CFD178F5-3765-4AE4-AE4A-F85EC7097E1C}.Release|x64.Build.0 = Release|x64
		{CFD178F5-3765-4AE4-AE4A-F85EC7097E1C}.Release|x86.ActiveCfg = Release|Win32
		{CFD178F5-3765-4AE4-AE4A-F85EC7097E1C}.Release|x86.Build.0 = Release|Win32
		{6BEBCC09-29E7-4657-B47F-A42E9601B169}.Debug|x64.ActiveCfg = Debug|x64
		{6BEBCC09-29E7-4657-B47F-A42E9601B169}.Debug|x64.Build.0 = Debug|x64
		{6BEBCC09-29E7-4657-B47F-A42E9601B169}.Debug|x86.ActiveCfg = Debug|Win32
		{6BEBCC09-29E7-4657-B47F-A42E9601B169}.Debug|x86.Build.0 = Debug|Win32
		{6BEBCC09-29E7-4657-B47F-A42E9601B169}.Release|x64.ActiveCfg = Release|x64
		{6BEBCC09-29E7-4657-B47F-A42E9601B169}.Release|x64.Build.0 = Release|x64
		{6BEBCC09-29E7-4657-B47F-A42E9601B169}.Release|x86.ActiveCfg = Release|Win32
		{6BEBCC09-29E7-4657-B47F-A42E9601B169}.Release|x86.Build.0 = Release|Win32
		{6B527180-61C0-4819-A7CB-B5450C74E03D}.Debug|x64.ActiveCfg = Debug|x64
		{6B527180-61C0-4819-A7CB-B5450C74E03D}.Debug|x64.Build.0 = Debug|x64
		{6B527180-61C0-4819-A7CB-B5450C74E03D}.Debug|x86.ActiveCfg = Debug|Win32
		{6B527180-61C0-4819-A7CB-B5450C74E03D}.Debug|x86.Build.0 = Debug|Win32
		{6B527180-61C0-4819-A7CB-B5450C74E03D}.Release|x64.ActiveCfg = Release|x64
		{6B527180-61C0-4819-A7CB-B5450C74E03D}.Release|x64.Build.0 = Release|x64
		{6B527180-61C0-4819-A7CB-B5450C74E03D}.Release|x86.ActiveCfg = Release|Win32
		{6B527180-61C0-4819-A7CB-B5450C74E03D}.Release|x86.Build.0 = Release|Win32
		{82472F7D-F7DC-47CF-8699-76ECC3D3A9A2}.Debug|x64.ActiveCfg = Debug|x64
		{82472F7D-F7DC-47CF-8699-76ECC3D3A9A2}.Debug|x64.Build.0 = Debug|x64
		{82472F7D-F7DC-47CF-8699-76ECC3D3A9A2}.Debug|x86.ActiveCfg = Debug|Win32
		{82472F7D-F7DC-47CF-8699-76ECC3D3A9A2}.Debug|x86.Build.0 = Debug|Win32
		{82472F7D-F7DC-47CF-8699-76ECC3D3A9A2}.Release|x64.ActiveCfg = Release|x64
		{82472F7D-F7DC-47CF-8699-76ECC3D3A9A2}.Release|x64.Build.0 = Release|x64
		{82472F7D-F7DC-47CF-8699-76ECC3D3A9A2}.Release|x86.ActiveCfg = Release|Win32
		{82472F7D-F7DC-47CF-8699-76ECC3D3A9A2}.Release|x86.Build.0 = Release|Win32
		{B4469113-79A2-4FAD-832C-CAE411F2A0CF}.Debug|x64.ActiveCfg = Debug|x64
		{B4469113-79A2-4FAD-832C-CAE411F2A0CF}.Debug|x64.Build.0 = Debug|x64
		{B4469113-79A2-4FAD-832C-CAE411F2A0CF}.Debug|x86.ActiveCfg = Debug|Win32
		{B4469113-79A2-4FAD-832C-CAE411F2A0CF}.Debug|x86.Build.0 = Debug|Win32
		{B4469113-79A2-4FAD-832C-CAE411F2A0CF}.Release|x64.ActiveCfg = Release|x64
		{B4469113-79A2-4FAD-832C-CAE411F2A0CF}.Release|x64.Build.0 = Release|x64
		{B4469113-79A2-4FAD-832C-CAE411F2A0CF}.Release|x86.ActiveCfg = Release|Win32
		{B4469113-79A2-4FAD-832C-CAE411F2A0CF}.Release|x86.Build.0 = Release|Win32
		{B2B52788-C08C-4DFF-B89A-27AB8862106E}.Debug|x64.ActiveCfg = Debug|x64
		{B2B52788-C08C-4DFF-B89A-27AB8862106E}.Debug|x64.Build.0 = Debug|x64
		{B2B52788-C08C-4DFF-B89A-27AB8862106E}.Debug|x86.ActiveCfg = Debug|Win32
		{B2B52788-C08C-4DFF-B89A-27AB8862106E}.Debug|x86.Build.0 = Debug|Win32
		{B2B52788-C08C-4DFF-B89A-27AB8862106E}.Release|x64.ActiveCfg = Release|x64
		{B2B52788-C08C-4DFF-B89A-27AB8862106E}.Release|x64.Build.0 = Release|x64
		{B2B52788-C08C-4DFF-B89A-27AB8862106E}.Release|x86.ActiveCfg = Release|Win32
		{B2B52788-C08C-4DFF-B89A-27AB8862106E}.Release|x86.Build.0 = Release|Win32
		{CA9CA82C-79DF-4DC9-A479-4C8EEB3A397E}.Debug|x64.ActiveCfg = Debug|x64
		{CA9CA82C-79DF-4DC9-A479-4C8EEB3A397E}.Debug|x64.Build.0 = Debug|x64
		{CA9CA82C-79DF-4DC9-A479-4C8EEB3A397E}.Debug|x86.ActiveCfg = Debug|Win32
		{CA9CA82C-79DF-4DC9-A479-4C8EEB3A397E}.Debug|x86.Build.0 = Debug|Win32
		{CA9CA82C-79DF-4DC9-A479-4C8EEB3A397E}.Release|x64.ActiveCfg = Release|x64
		{CA9CA82C-79DF-4DC9-A479-4C8EEB3A397E}.Release|x64.Build.0 = Release|x64
		{CA9CA82C-79DF-4DC9-A479-4C8EEB3A397E}.Release|x86.ActiveCfg = Release|Win32
		{CA9CA82C-79DF-4DC9-A479-4C8EEB3A397E}.Release|x86.Build.0 = Release|Win32
		{1585CB7A-0521-45B2-A20A-52125D9D5224}.Debug|x64.ActiveCfg = Debug|x64
		{1585CB7A-0521-45B2-A20A-52125D9D5224}.Debug|x64.Build.0 = Debug|x64
		{1585CB7A-0521-45B2-A20A-52125D9D5224}.Debug|x86.ActiveCfg = Debug|Win32
		{1585CB7A-0521-45B2-A20A-52125D9D5224}.Debug|x86.Build.0 = Debug|Win32
		{1585CB7A-0521-45B2-A20A-52125D9D5224}.Release|x64.ActiveCfg = Release|x64
		{1585CB7A-0521-45B2-A20A-52125D9D5224}.Release|x64.Build.0 = Release|x64
		{1585CB7A-0521-45B2-A20A-52125D9D5224}.Release|x86.ActiveCfg = Release|Win32
		{1585CB7A-0521-45B2-A20A-52125D9D5224}.Release|x86.Build.0 = Release|Win32
		{C9DCFC7D-4FC6-4F68-A29A-E1DB6BDB6A57}.Debug|x64.ActiveCfg = Debug|x64
		{C9DCFC7D-4FC6-4F68-A29A-E1DB6BDB6A57}.Debug|x64.Build.0 = Debug|x64
		{C9DCFC7D-4FC6-4F68-A29A-E1DB6BDB6A57}.Debug|x86.ActiveCfg = Debug|Win32
		{C9DCFC7D-4FC6-4F68-A29A-E1DB6BDB6A57}.Debug|x86.Build.0 = Debug|Win32
		{C9DCFC7D-4FC6-4F68-A29A-E1DB6BDB6A57}.Release|x64.ActiveCfg = Release|x64
		{C9DCFC7D-4FC6-4F68-A29A-E1DB6BDB6A57}.Release|x64.Build.0 = Release|x64
		{C9DCFC7D-4FC6-4F68-A29A-E1DB6BDB6A57}.Release|x86.ActiveCfg = Release|Win32
		{C9DCFC7D-4FC6-4F68-A29A-E1DB6BDB6A57}.Release|x86.Build.0 = Release|Win32
		{88828354-5228-42BA-8BB3-4D7F3FE043CB}.Debug|x64.ActiveCfg = Debug|x64
		{88828354-5228-42BA-8BB3-4D7F3FE043CB}.Debug|x64.Build.0 = Debug|x64
		{88828354-5228-42BA-8BB3-4D7F3FE043CB}.Debug|x86.ActiveCfg = Debug|Win32
		{88828354-5228-42BA-8BB3-4D7F3FE043CB}.Debug|x86.Build.0 = Debug|Win32
		{88828354-5228-42BA-8BB3-4D7F3FE043CB}.Release|x64.ActiveCfg = Release|x64
		{88828354-5228-42BA-8BB3-4D7F3FE043CB}.Release|x64.Build.0 = Release|x64
		{88828354-5228-42BA-8BB3-4D7F3FE043CB}.Release|x86.ActiveCfg = Release|Win32
		{88828354-5228-42BA-8BB3-4D7F3FE043CB}.Release|x86.Build.0 = Release|Win32
		{3D8B43F5-C87E-4632-8968-5730BA9737B4}.Debug|x64.ActiveCfg = Debug|x64
		{3D8B43F5-C87E-4632-8968-5730BA9737B4}.Debug|x64.Build.0 = Debug|x64
		{3D8B43F5-C87E-4632-8968-5730BA9737B4}.Debug|x86.ActiveCfg = Debug|Win32
		{3D8B43F5-C87E-4632-8968-5730BA9737B4}.Debug|x86.Build.0 = Debug|Win32
		{3D8B43F5-C87E-4632-8968-5730BA9737B4}.Release|x64.ActiveCfg = Release|x64
		{3D8B43F5-C87E-4632-8968-5730BA9737B4}.Release|x64.Build.0 = Release|x64
		{3D8B43F5-C87E-4632-8968-5730BA9737B4}.Release|x86.ActiveCfg = Release|Win32
		{3D8B43F5-C87E-4632-8968-5730BA9737B4}.Release|x86.Build.0 = Release|Win32
		{7BF87801-73F1-4E2B-A06D-7B47E1D4F117}.Debug|x64.ActiveCfg = Debug|x64
		{7BF87801-73F1-4E2B-A06D-7B47E1D4F117}.Debug|x64.Build.0 = Debug|x64
		{7BF87801-73F1-4E2B-A06D-7B47E1D4F117}.Debug|x86.ActiveCfg = Debug|Win32
		{7BF87801-73F1-4E2B-A06D-7B47E1D4F117}.Debug|x86.Build.0 = Debug|Win32
		{7BF87801-73F1-4E2B-A06D-7B47E1D4F117}.Release|x64.ActiveCfg = Release|x64
		{7BF87801-73F1-4E2B-A06D-7B47E1D4F117}.Release|x64.Build.0 = Release|x64
		{7BF87801-73F1-4E2B-A06D-7B47E1D4F117}.Release|x86.ActiveCfg = Release|Win32
		{7BF87801-73F1-4E2B-A06D-7B47E1D4F117}.Release|x86.Build.0 = Release|Win32
		{847C2DF0-11BE-4D1C-94F3-67253CD30400}.Debug|x64.ActiveCfg = Debug|x64
		{847C2DF0-11BE-4D1C-94F3-67253CD30400}.Debug|x64.Build.0 = Debug|x64
		{847C2DF0-11BE-4D1C-94F3-67253CD30400}.Debug|x86.ActiveCfg = Debug|Win32
		{847C2DF0-11BE-4D1C-94F3-67253CD30400}.Debug|x86.Build.0 = Debug|Win32
		{847C2DF0-11BE-4D1C-94F3-67253CD30400}.Release|x64.ActiveCfg = Release|x64
		{847C2DF0-11BE-4D1C-94F3-67253CD30400}.Release|x64.Build.0 = Release|x64
		{847C2DF0-11BE-4D1C-94F3-67253CD30400}.Release|x86.ActiveCfg = Release|Win32
		{847C2DF0-11BE-4D1C-94F3-67253CD30400}.Release|x86.Build.0 = Release|Win32
		{5854C4A0-250D-43AC-B715-BF19FAFDA954}.Debug|x64.ActiveCfg = Debug|x64
		{5854C4A0-250D-43AC-B715-BF19FAFDA954}.Debug|x64.Build.0 = Debug|x64
		{5854C4A0-250D-43AC-B715-BF19FAFDA954}.Debug|x86.ActiveCfg = Debug|Win32
		{5854C4A0-250D-43AC-B715-BF19FAFDA954}.Debug|x86.Build.0 = Debug|Win32
		{5854C4A0-250D-43AC-B715-BF19FAFDA954}.Release|x64.ActiveCfg = Release|x64
		{5854C4A0-250D-43AC-B715-BF19FAFDA954}.Release|x64.Build.0 = Release|x64
		{5854C4A0-250D-43AC-B715-BF19FAFDA954}.Release|x86.ActiveCfg = Release|Win32
		{5854C4A0-250D-43AC-B715-BF19FAFDA954}.Release|x86.Build.0 = Release|Win32
		{2D38E9CA-9E60-4DF7-BD06-33F66318C73D}.Debug|x64.ActiveCfg = Debug|x64
		{2D38E9CA-9E60-4DF7-BD06-33F66318C73D}.Debug|x64.Build.0 = Debug|x64
		{2D38E9CA-9E60-4DF7-BD06-33F66318C73D}.Debug|x86.ActiveCfg = Debug|Win32
		{2D38E9CA-9E60-4DF7-BD06-33F66318C73D}.Debug|x86.Build.0 = Debug|Win32
		{2D38E9CA-9E60-4DF7-BD06-33F66318C73D}.Release|x64.ActiveCfg = Release|x64
		{2D38E9CA-9E60-4DF7-BD06-33F66318C73D}.Release|x64.Build.0 = Release|x64
		{2D38E9CA-9E60-4DF7-BD06-33F66318C73D}.Release|x86.ActiveCfg = Release|Win32
		{2D38E9CA-9E60-4DF7-BD06-33F66318C73D}.Release|x86.Build.0 = Release|Win32
		{0C04C2DD-69E4-4662-B50E-E57E97619B8A}.Debug|x64.ActiveCfg = Debug|x64
		{0C04C2DD-69E4-4662-B50E-E57E97619B8A}.Debug|x64.Build.0 = Debug|x64
		{0C04C2DD-69E4-4662-B50E-E57E97619B8A}.Debug|x86.ActiveCfg = Debug|Win32
		{0C04C2DD-69E4-4662-B50E-E57E97619B8A}.Debug|x86.Build.0 = Debug|Win32
		{0C04C2DD-69E4-4662-B50E-E57E97619B8A}.Release|x64.ActiveCfg = Release|x64
		{0C04C2DD-69E4-4662-B50E-E57E97619B8A}.Release|x64.Build.0 = Release|x64
		{0C04C2DD-69E4-4662-B50E-E57E97619B8A}.Release|x86.ActiveCfg = Release|Win32
		{0C04C2DD-69E4-4662-B50E-E57E97619B8A}.Release|x86.Build.0 = Release|Win32
		{5D2496E8-FA17-435F-A1F0-AC74AF11A99B}.Debug|x64.ActiveCfg = Debug|x64
		{5D2496E8-FA17-435F-A1F0-AC74AF11A99B}.Debug|x64.Build.0 = Debug|x64
		{5D2496E8-FA17-435F-A1F0-AC74AF11A99B}.Debug|x86.ActiveCfg = Debug|Win32
		{5D2496E8-FA17-435F-A1F0-AC74AF11A99B}.Debug|x86.Build.0 = Debug|Win32
		{5D2496E8-FA17-435F-A1F0-AC74AF11A99B}.Release|x64.ActiveCfg = Release|x64
		{5D2496E8-FA17-435F-A1F0-AC74AF11A99B}.Release|x64.Build.0 = Release|x64
		{5D2496E8-FA17-435F-A1F0-AC74AF11A99B}.Release|x86.ActiveCfg = Release|Win32
		{5D2496E8-FA17-435F-A1F0-AC74AF11A99B}.Release|x86.Build.0 = Release|Win32
		{58C4278E-3945-47DC-972D-746CC8C52668}.Debug|x64.ActiveCfg = Debug|x64
		{58C4278E-3945-47DC-972D-746CC8C52668}.Debug|x64.Build.0 = Debug|x64
		{58C4278E-3945-47DC-972D-746CC8C52668}.Debug|x86.ActiveCfg = Debug|Win32
		{58C4278E-3945-47DC-972D-746CC8C52668}.Debug|x86.Build.0 = Debug|Win32
		{58C4278E-3945-47DC-972D-746CC8C52668}.Release|x64.ActiveCfg = Release|x64
		{58C4278E-3945-47DC-972D-746CC8C52668}.Release|x64.Build.0 = Release|x64
		{58C4278E-3945-47DC-972D-746CC8C52668}.Release|x86.ActiveCfg = Release|Win32
		{58C4278E-3945-47DC-972D-746CC8C52668}.Release|x86.Build.0 = Release|Win32
		{1CC6FB56-2BA7-44D9-9D35-3E4D076A6E5C}.Debug|x64.ActiveCfg = Debug|x64
		{1CC6FB56-2BA7-44D9-9D35-3E4D076A6E5C}.Debug|x64.Build.0 = Debug|x64
		{1CC6FB56-2BA7-44D9-9D35-3E4D076A6E5C}.Debug|x86.ActiveCfg = Debug|Win32
		{1CC6FB56-2BA7-44D9-9D35-3E4D076A6E5C}.Debug|x86.Build.0 = Debug|Win32
		{1CC6FB56-2BA7-44D9-9D35-3E4D076A6E5C}.Release|x64.ActiveCfg = Release|x64
		{1CC6FB56-2BA7-44D9-9D35-3E4D076A6E5C}.Release|x64.Build.0 = Release|x64
		{1CC6FB56-2BA7-44D9-9D35-3E4D076A6E5C}.Release|x86.ActiveCfg = Release|Win32
		{1CC6FB56-2BA7-44D9-9D35-3E4D076A6E5C}.Release|x86.Build.0 = Release|Win32
		{B30857E5-873B-41AB-A756-032ED3D2F011}.Debug|x64.ActiveCfg = Debug|x64
		{B30857E5-873B-41AB-A756-032ED3D2F011}.Debug|x64.Build.0 = Debug|x64
		{B30857E5-873B-41AB-A756-032ED3D2F011}.Debug|x86.ActiveCfg = Debug|Win32
		{B30857E5-873B-41AB-A756-032ED3D2F011}.Debug|x86.Build.0 = Debug|Win32
		{B30857E5-873B-41AB-A756-032ED3D2F011}.Release|x64.ActiveCfg = Release|x64
		{B30857E5-873B-41AB-A756-032ED3D2F011}.Release|x64.Build.0 = Release|x64
		{B30857E5-873B-41AB-A756-032ED3D2F011}.Release|x86.ActiveCfg = Release|Win32
		{B30857E5-873B-41AB-A756-032ED3D2F011}.Release|x86.Build.0 = Release|Win32
		{BE03A59C-D1FA-4483-89DE-B1A7F55EBDAD}.Debug|x64.ActiveCfg = Debug|x64
		{BE03A59C-D1FA-4483-89DE-B1A7F55EBDAD}.Debug|x64.Build.0 = Debug|x64
		{BE03A59C-D1FA-4483-89DE-B1A7F55EBDAD}.Debug|x86.ActiveCfg = Debug|Win32
		{BE03A59C-D1FA-4483-89DE-B1A7F55EBDAD}.Debug|x86.Build.0 = Debug|Win32
		{BE03A59C-D1FA-4483-89DE-B1A7F55EBDAD}.Release|x64.ActiveCfg = Release|x64
		{BE03A59C-D1FA-4483-89DE-B1A7F55EBDAD}.Release|x64.Build.0 = Release|x64
		{BE03A59C-D1FA-4483-89DE-B1A7F55EBDAD}.Release|x86.ActiveCfg = Release|Win32
		{BE03A59C-D1FA-4483-89DE-B1A7F55EBDAD}.Release|x86.Build.0 = Release|Win32
		{2E9A3F49-0368-4EFB-BFB5-0F28CFBCA75A}.Debug|x64.ActiveCfg = Debug|x64
		{2E9A3F49-0368-4EFB-BFB5-0F28CFBCA75A}.Debug|x64.Build.0 = Debug|x64
		{2E9A3F49-0368-4EFB-BFB5-0F28CFBCA75A}.Debug|x86.ActiveCfg = Debug|Win32
		{2E9A3F49-0368-4EFB-BFB5-0F28CFBCA75A}.Debug|x86.Build.0 = Debug|Win32
		{2E9A3F49-0368-4EFB-BFB5-0F28CFBCA75A}.Release|x64.ActiveCfg = Release|x64
		{2E9A3F49-0368-4EFB-BFB5-0F28CFBCA75A}.Release|x64.Build.0 = Release|x64
		{2E9A3F49-0368-4EFB-BFB5-0F28CFBCA75A}.Release|x86.ActiveCfg = Release|Win32
		{2E9A3F49-0368-4EFB-BFB5-0F28CFBCA75A}.Release|x86.Build.0 = Release|Win32
		{312E6BFF-776A-44D9-93C2-B4EEE8623A19}.Debug|x64.ActiveCfg = Debug|x64
		{312E6BFF-776A-44D9-93C2-B4EEE8623A19}.Debug|x64.Build.0 = Debug|x64
		{312E6BFF-776A-44D9-93C2-B4EEE8623A19}.Debug|x86.ActiveCfg = Debug|Win32
		{312E6BFF-776A-44D9-93C2-B4EEE8623A19}.Debug|x86.Build.0 = Debug|Win32
		{312E6BFF-776A-44D9-93C2-B4EEE8623A19}.Release|x64.ActiveCfg = Release|x64
		{312E6BFF-776A-44D9-93C2-B4EEE8623A19}.Release|x64.Build.0 = Release|x64
		{312E6BFF-776A-44D9-93C2-B4EEE8623A19}.Release|x86.ActiveCfg = Release|Win32
		{312E6BFF-776A-44D9-93C2-B4EEE8623A19}.Release|x86.Build.0 = Release|Win32
		{5116B00E-EDC5-4C0C-82A2-2A77E4D08762}.Debug|x64.ActiveCfg = Debug|x64
		{5116B00E-EDC5-4C0C-82A2-2A77E4D08762}.Debug|x64.Build.0 = Debug|x64
		{5116B00E-EDC5-4C0C-82A2-2A77E4D08762}.Debug|x86.ActiveCfg = Debug|Win32
		{5116B00E-EDC5-4C0C-82A2-2A77E4D08762}.Debug|x86.Build.0 = Debug|Win32
		{5116B00E-EDC5-4C0C-82A2-2A77E4D08762}.Release|x64.ActiveCfg = Release|x64
		{5116B00E-EDC5-4C0C-82A2-2A77E4D08762}.Release|x64.Build.0 = Release|x64
		{5116B00E-EDC5-4C0C-82A2-2A77E4D08762}.Release|x86.ActiveCfg = Release|Win32
		{5116B00E-EDC5-4C0C-82A2-2A77E4D08762}.Release|x86.Build.0 = Release|Win32
		{AE399146-D279-4F4F-BDBA-D50722A68DAB}.Debug|x64.ActiveCfg = Debug|x64
		{AE399146-D279-4F4F-BDBA-D50722A68DAB}.Debug|x64.Build.0 = Debug|x64
		{AE399146-D279-4F4F-BDBA-D50722A68DAB}.Debug|x86.ActiveCfg = Debug|Win32
		{AE399146-D279-4F4F-BDBA-D50722A68DAB}.Debug|x86.Build.0 = Debug|Win32
		{AE399146-D279-4F4F-BDBA-D50722A68DAB}.Release|x64.ActiveCfg = Release|x64
		{AE399146-D279-4F4F-BDBA-D50722A68DAB}.Release|x64.Build.0 = Release|x64
		{AE399146-D279-4F4F-BDBA-D50722A68DAB}.Release|x86.ActiveCfg = Release|Win32
		{AE399146-D279-4F4F-BDBA-D50722A68DAB}.Release|x86.Build.0 = Release|Win32
		{90804FB1-6B08-495D-90B8-C2DD5BBA7F05}.Debug|x64.ActiveCfg = Debug|x64
		{90804FB1-6B08-495D-90B8-C2DD5BBA7F05}.Debug|x64.Build.0 = Debug|x64
		{90804FB1-6B08-495D-90B8-C2DD5BBA7F05}.Debug|x86.ActiveCfg = Debug|Win32
		{90804FB1-6B08-495D-90B8-C2DD5BBA7F05}.Debug|x86.Build.0 = Debug|Win32
		{90804FB1-6B08-495D-90B8-C2DD5BBA7F05}.Release|x64.ActiveCfg = Release|x64
		{90804FB1-6B08-495D-90B8-C2DD5BBA7F05}.Release|x64.Build.0 = Release|x64
		{90804FB1-6B08-495D-90B8-C2DD5BBA7F05}.Release|x86.ActiveCfg = Release|Win32
		{90804FB1-6B08-495D-90B8-C2DD5BBA7F05}.Release|x86.Build.0 = Release|Win32
		{8130B2CA-E155-4A61-9F1A-4021B87860B2}.Debug|x64.ActiveCfg = Debug|x64
		{8130B2CA-E155-4A61-9F1A-4021B87860B2}.Debug|x64.Build.0 = Debug|x64
		{8130B2CA-E155-4A61-9F1A-4021B87860B2}.Debug|x86.ActiveCfg = Debug|Win32
		{8130B2CA-E155-4A61-9F1A-4021B87860B2}.Debug|x86.Build.0 = Debug|Win32
		{8130B2CA-E155-4A61-9F1A-4021B87860B2}.Release|x64.ActiveCfg = Release|x64
		{8130B2CA-E155-4A61-9F1A-4021B87860B2}.Release|x64.Build.0 = Release|x64
		{8130B2CA-E155-4A61-9F1A-4021B87860B2}.Release|x86.ActiveCfg = Release|Win32
		{8130B2CA-E155-4A61-9F1A-4021B87860B2}.Release|x86.Build.0 = Release|Win32
		{46364004-7832-4544-8E69-EA03D0C92B64}.Debug|x64.ActiveCfg = Debug|x64
		{46364004-7832-4544-8E69-EA03D0C92B64}.Debug|x64.Build.0 = Debug|x64
		{46364004-7832-4544-8E69-EA03D0C92B64}.Debug|x86.ActiveCfg = Debug|Win32
		{46364004-7832-4544-8E69-EA03D0C92B64}.Debug|x86.Build.0 = Debug|Win32
		{46364004-7832-4544-8E69-EA03D0C92B64}.Release|x64.ActiveCfg = Release|x64
		{46364004-7832-4544-8E69-EA03D0C92B64}.Release|x64.Build.0 = Release|x64
		{46364004-7832-4544-8E69-EA03D0C92B64}.Release|x86.ActiveCfg = Release|Win32
		{46364004-7832-4544-8E69-EA03D0C92B64}.Release|x86.Build.0 = Release|Win32
		{8AC2CA92-FD5A-45F1-A03E-1250D47B88FA}.Debug|x64.ActiveCfg = Debug|x64
		{8AC2CA92-FD5A-45F1-A03E-1250D47B88FA}.Debug|x64.Build.0 = Debug|x64
		{8AC2CA92-FD5A-45F1-A03E-1250D47B88FA}.Debug|x86.ActiveCfg = Debug|Win32
		{8AC2CA92-FD5A-45F1-A03E-1250D47B88FA}.Debug|x86.Build.0 = Debug|Win32
		{8AC2CA92-FD5A-45F1-A03E-1250D47B88FA}.Release|x64.ActiveCfg = Release|x64
		{8AC2CA92-FD5A-45F1-A03E-1250D47B88FA}.Release|x64.Build.0 = Release|x64
		{8AC2CA92-FD5A-45F1-A03E-1250D47B88FA}.Release|x86.ActiveCfg = Release|Win32
		{8AC2CA92-FD5A-45F1-A03E-1250D47B88FA}.Release|x86.Build.0 = Release|Win32
		{3238BB7E-F056-4D36-88BA-93D8F8B0C3D1}.Debug|x64.ActiveCfg = Debug|x64
		{3238BB7E-F056-4D36-88BA-93D8F8B0C3D1}.Debug|x64.Build.0 = Debug|x64
		{3238BB7E-F056-4D36-88BA-93D8F8B0C3D1}.Debug|x86.ActiveCfg = Debug|Win32
		{3238BB7E-F056-4D36-88BA-93D8F8B0C3D1}.Debug|x86.Build.0 = Debug|Win32
		{3238BB7E-F056-4D36-88BA-93D8F8B0C3D1}.Release|x64.ActiveCfg = Release|x64
		{3238BB7E-F056-4D36-88BA-93D8F8B0C3D1}.Release|x64.Build.0 = Release|x64
		{3238BB7E-F056-4D36-88BA-93D8F8B0C3D1}.Release|x86.ActiveCfg = Release|Win32
		{3238BB7E-F056-4D36-88BA-93D8F8B0C3D1}.Release|x86.Build.0 = Release|Win32
		{A08B7193-FDF2-4976-B128-F12E6968BA44}.Debug|x64.ActiveCfg = Debug|x64
		{A08B7193-FDF2-4976-B128-F12E6968BA44}.Debug|x64.Build.0 = Debug|x64
		{A08B7193-FDF2-4976-B128-F12E6968BA44}.Debug|x86.ActiveCfg = Debug|Win32
		{A08B7193-FDF2-4976-B128-F12E6968BA44}.Debug|x86.Build.0 = Debug|Win32
		{A08B7193-FDF2-4976-B128-F12E6968BA44}.Release|x64.ActiveCfg = Release|x64
		{A08B7193-FDF2-4976-B128-F12E6968BA44}.Release|x64.Build.0 = Release|x64
		{A08B7193-FDF2-4976-B128-F12E6968BA44}.Release|x86.ActiveCfg = Release|Win32
		{A08B7193-FDF2-4976-B128-F12E6968BA44}.Release|x86.Build.0 = Release|Win32
		{3DDC9A9E-B231-4483-8334-429B58C2D5A8}.Debug|x64.ActiveCfg = Debug|x64
		{3DDC9A9E-B231-4483-8334-429B58C2D5A8}.Debug|x64.Build.0 = Debug|x64
		{3DDC9A9E-B231-4483-8334-429B58C2D5A8}.Debug|x86.ActiveCfg = Debug|Win32
		{3DDC9A9E-B231-4483-8334-429B58C2D5A8}.Debug|x86.Build.0 = Debug|Win32
		{3DDC9A9E-B231-4483-8334-429B58C2D5A8}.Release|x64.ActiveCfg = Release|x64
		{3DDC9A9E-B231-4483-8334-429B58C2D5A8}.Release|x64.Build.0 = Release|x64
		{3DDC9A9E-B231-4483-8334-429B58C2D5A8}.Release|x86.ActiveCfg = Release|Win32
		{3DDC9A9E-B231-4483-8334-429B58C2D5A8}.Release|x86.Build.0 = Release|Win32
		{62407D0F-6D2E-46A3-BF36-052327F51F0B}.Debug|x64.ActiveCfg = Debug|x64
		{62407D0F-6D2E-46A3-BF36-052327F51F0B}.Debug|x64.Build.0 = Debug|x64
		{62407D0F-6D2E-46A3-BF36-052327F51F0B}.Debug|x86.ActiveCfg = Debug|Win32
		{62407D0F-6D2E-46A3-BF36-052327F51F0B}.Debug|x86.Build.0 = Debug|Win32
		{62407D0F-6D2E-46A3-BF36-052327F51F0B}.Release|x64.ActiveCfg = Release|x64
		{62407D0F-6D2E-46A3-BF36-052327F51F0B}.Release|x64.Build.0 = Release|x64
		{62407D0F-6D2E-46A3-BF36-052327F51F0B}.Release|x86.ActiveCfg = Release|Win32
		{62407D0F-6D2E-46A3-BF36-052327F51F0B}.Release|x86.Build.0 = Release|Win32
		{B82EFCEB-94F6-4E01-9BA9-7C20D129289F}.Debug|x64.ActiveCfg = Debug|x64
		{B82EFCEB-94F6-4E01-9BA9-7C20D129289F}.Debug|x64.Build.0 = Debug|x64
		{B82EFCEB-94F6-4E01-9BA9-7C20D129289F}.Debug|x86.ActiveCfg = Debug|Win32
		{B82EFCEB-94F6-4E01-9BA9-7C20D129289F}.Debug|x86.Build.0 = Debug|Win32
		{B82EFCEB-94F6-4E01-9BA9-7C20D129289F}.Release|x64.ActiveCfg = Release|x64
		{B82EFCEB-94F6-4E01-9BA9-7C20D129289F}.Release|x64.Build.0 = Release|x64
		{B82EFCEB-94F6-4E01-9BA9-7C20D129289F}.Release|x86.ActiveCfg = Release|Win32
		{B82EFCEB-94F6-4E01-9BA9-7C20D129289F}.Release|x86.Build.0 = Release|Win32
	EndGlobalSection
	GlobalSection(SolutionProperties) = preSolution
		HideSolutionNode = FALSE
	EndGlobalSection
	GlobalSection(ExtensibilityGlobals) = postSolution
		SolutionGuid = {D414A519-FBED-4E27-A24D-4579F8355BB3}
	EndGlobalSection
EndGlobal
